// !$*UTF8*$!
{
	archiveVersion = 1;
	classes = {
	};
	objectVersion = 55;
	objects = {

/* Begin PBXBuildFile section */
		3A078A82286525F7008B3504 /* Main.storyboard in Resources */ = {isa = PBXBuildFile; fileRef = 3AFB6F2E28650C00000A6FCB /* Main.storyboard */; };
		3A77925028591E4800C76D50 /* SharedHelpers.swift in Sources */ = {isa = PBXBuildFile; fileRef = 3A77924F28591E4800C76D50 /* SharedHelpers.swift */; };
		3A7DC2DB286BAD43009B160B /* DrinksDetailsViewControllerTests.swift in Sources */ = {isa = PBXBuildFile; fileRef = 3A7DC2DA286BAD43009B160B /* DrinksDetailsViewControllerTests.swift */; };
		3A7DC2DD286BADBC009B160B /* DrinkDetailsViewController.swift in Sources */ = {isa = PBXBuildFile; fileRef = 3A7DC2DC286BADBC009B160B /* DrinkDetailsViewController.swift */; };
		3AAE10C6285009990013C555 /* DrinksCoreIntegrationTests.swift in Sources */ = {isa = PBXBuildFile; fileRef = 3AAE10C5285009990013C555 /* DrinksCoreIntegrationTests.swift */; };
		3AAE10C7285009990013C555 /* DrinksCore.framework in Frameworks */ = {isa = PBXBuildFile; fileRef = 3AD686F4284E962F00D6B889 /* DrinksCore.framework */; };
		3AAE10CE28500A0F0013C555 /* URLSessionHTTPClient.swift in Sources */ = {isa = PBXBuildFile; fileRef = 3AAE10CD28500A0F0013C555 /* URLSessionHTTPClient.swift */; };
		3AB0E145286527B400F9907E /* SharedHelpers.swift in Sources */ = {isa = PBXBuildFile; fileRef = 3A77924F28591E4800C76D50 /* SharedHelpers.swift */; };
		3AD686FD284E962F00D6B889 /* DrinksCore.framework in Frameworks */ = {isa = PBXBuildFile; fileRef = 3AD686F4284E962F00D6B889 /* DrinksCore.framework */; };
		3AD68702284E962F00D6B889 /* RemoteDrinksLoaderTests.swift in Sources */ = {isa = PBXBuildFile; fileRef = 3AD68701284E962F00D6B889 /* RemoteDrinksLoaderTests.swift */; };
		3AD6870D284E96D800D6B889 /* Models.swift in Sources */ = {isa = PBXBuildFile; fileRef = 3AD6870C284E96D800D6B889 /* Models.swift */; };
		3AD6870F284ED17900D6B889 /* RemoteDrinksLoader.swift in Sources */ = {isa = PBXBuildFile; fileRef = 3AD6870E284ED17900D6B889 /* RemoteDrinksLoader.swift */; };
		3AD68713284ED3D900D6B889 /* URLSessionHTTPClientTests.swift in Sources */ = {isa = PBXBuildFile; fileRef = 3AD68712284ED3D900D6B889 /* URLSessionHTTPClientTests.swift */; };
		3AFB6EFC28650BE1000A6FCB /* AppDelegate.swift in Sources */ = {isa = PBXBuildFile; fileRef = 3AFB6EFB28650BE1000A6FCB /* AppDelegate.swift */; };
		3AFB6EFE28650BE1000A6FCB /* SceneDelegate.swift in Sources */ = {isa = PBXBuildFile; fileRef = 3AFB6EFD28650BE1000A6FCB /* SceneDelegate.swift */; };
		3AFB6F0528650BE2000A6FCB /* Assets.xcassets in Resources */ = {isa = PBXBuildFile; fileRef = 3AFB6F0428650BE2000A6FCB /* Assets.xcassets */; };
		3AFB6F0828650BE2000A6FCB /* LaunchScreen.storyboard in Resources */ = {isa = PBXBuildFile; fileRef = 3AFB6F0628650BE2000A6FCB /* LaunchScreen.storyboard */; };
		3AFB6F1328650BE3000A6FCB /* DrinksViewControllerTests.swift in Sources */ = {isa = PBXBuildFile; fileRef = 3AFB6F1228650BE3000A6FCB /* DrinksViewControllerTests.swift */; };
		3AFB6F2C28650BF1000A6FCB /* DrinksViewController.swift in Sources */ = {isa = PBXBuildFile; fileRef = 3AFB6F2B28650BF1000A6FCB /* DrinksViewController.swift */; };
		3AFB6F3028650C16000A6FCB /* DrinkListItem.swift in Sources */ = {isa = PBXBuildFile; fileRef = 3AFB6F2F28650C16000A6FCB /* DrinkListItem.swift */; };
		3AFB6F3228650D13000A6FCB /* DrinksCore.framework in Frameworks */ = {isa = PBXBuildFile; fileRef = 3AD686F4284E962F00D6B889 /* DrinksCore.framework */; };
		3AFB6F3328650D13000A6FCB /* DrinksCore.framework in Embed Frameworks */ = {isa = PBXBuildFile; fileRef = 3AD686F4284E962F00D6B889 /* DrinksCore.framework */; settings = {ATTRIBUTES = (CodeSignOnCopy, RemoveHeadersOnCopy, ); }; };
/* End PBXBuildFile section */

/* Begin PBXContainerItemProxy section */
		3AAE10C8285009990013C555 /* PBXContainerItemProxy */ = {
			isa = PBXContainerItemProxy;
			containerPortal = 3AD686EB284E962F00D6B889 /* Project object */;
			proxyType = 1;
			remoteGlobalIDString = 3AD686F3284E962F00D6B889;
			remoteInfo = DrinksCore;
		};
		3AD686FE284E962F00D6B889 /* PBXContainerItemProxy */ = {
			isa = PBXContainerItemProxy;
			containerPortal = 3AD686EB284E962F00D6B889 /* Project object */;
			proxyType = 1;
			remoteGlobalIDString = 3AD686F3284E962F00D6B889;
			remoteInfo = Drinks;
		};
		3AFB6F0F28650BE3000A6FCB /* PBXContainerItemProxy */ = {
			isa = PBXContainerItemProxy;
			containerPortal = 3AD686EB284E962F00D6B889 /* Project object */;
			proxyType = 1;
			remoteGlobalIDString = 3AFB6EF828650BE1000A6FCB;
			remoteInfo = DrinksiOS;
		};
		3AFB6F3428650D13000A6FCB /* PBXContainerItemProxy */ = {
			isa = PBXContainerItemProxy;
			containerPortal = 3AD686EB284E962F00D6B889 /* Project object */;
			proxyType = 1;
			remoteGlobalIDString = 3AD686F3284E962F00D6B889;
			remoteInfo = DrinksCore;
		};
/* End PBXContainerItemProxy section */

/* Begin PBXCopyFilesBuildPhase section */
		3AFB6F3628650D13000A6FCB /* Embed Frameworks */ = {
			isa = PBXCopyFilesBuildPhase;
			buildActionMask = 2147483647;
			dstPath = "";
			dstSubfolderSpec = 10;
			files = (
				3AFB6F3328650D13000A6FCB /* DrinksCore.framework in Embed Frameworks */,
			);
			name = "Embed Frameworks";
			runOnlyForDeploymentPostprocessing = 0;
		};
/* End PBXCopyFilesBuildPhase section */

/* Begin PBXFileReference section */
		3A77924F28591E4800C76D50 /* SharedHelpers.swift */ = {isa = PBXFileReference; lastKnownFileType = sourcecode.swift; path = SharedHelpers.swift; sourceTree = "<group>"; };
		3A7DC2DA286BAD43009B160B /* DrinksDetailsViewControllerTests.swift */ = {isa = PBXFileReference; lastKnownFileType = sourcecode.swift; path = DrinksDetailsViewControllerTests.swift; sourceTree = "<group>"; };
		3A7DC2DC286BADBC009B160B /* DrinkDetailsViewController.swift */ = {isa = PBXFileReference; lastKnownFileType = sourcecode.swift; path = DrinkDetailsViewController.swift; sourceTree = "<group>"; };
		3AAE10C3285009990013C555 /* DrinksCoreIntegrationTests.xctest */ = {isa = PBXFileReference; explicitFileType = wrapper.cfbundle; includeInIndex = 0; path = DrinksCoreIntegrationTests.xctest; sourceTree = BUILT_PRODUCTS_DIR; };
		3AAE10C5285009990013C555 /* DrinksCoreIntegrationTests.swift */ = {isa = PBXFileReference; lastKnownFileType = sourcecode.swift; path = DrinksCoreIntegrationTests.swift; sourceTree = "<group>"; };
		3AAE10CD28500A0F0013C555 /* URLSessionHTTPClient.swift */ = {isa = PBXFileReference; lastKnownFileType = sourcecode.swift; path = URLSessionHTTPClient.swift; sourceTree = "<group>"; };
		3AD686F4284E962F00D6B889 /* DrinksCore.framework */ = {isa = PBXFileReference; explicitFileType = wrapper.framework; includeInIndex = 0; path = DrinksCore.framework; sourceTree = BUILT_PRODUCTS_DIR; };
		3AD686FC284E962F00D6B889 /* DrinksCoreTests.xctest */ = {isa = PBXFileReference; explicitFileType = wrapper.cfbundle; includeInIndex = 0; path = DrinksCoreTests.xctest; sourceTree = BUILT_PRODUCTS_DIR; };
		3AD68701284E962F00D6B889 /* RemoteDrinksLoaderTests.swift */ = {isa = PBXFileReference; lastKnownFileType = sourcecode.swift; path = RemoteDrinksLoaderTests.swift; sourceTree = "<group>"; };
		3AD6870C284E96D800D6B889 /* Models.swift */ = {isa = PBXFileReference; lastKnownFileType = sourcecode.swift; path = Models.swift; sourceTree = "<group>"; };
		3AD6870E284ED17900D6B889 /* RemoteDrinksLoader.swift */ = {isa = PBXFileReference; lastKnownFileType = sourcecode.swift; path = RemoteDrinksLoader.swift; sourceTree = "<group>"; };
		3AD68712284ED3D900D6B889 /* URLSessionHTTPClientTests.swift */ = {isa = PBXFileReference; lastKnownFileType = sourcecode.swift; path = URLSessionHTTPClientTests.swift; sourceTree = "<group>"; };
		3AFB6EF928650BE1000A6FCB /* DrinksiOS.app */ = {isa = PBXFileReference; explicitFileType = wrapper.application; includeInIndex = 0; path = DrinksiOS.app; sourceTree = BUILT_PRODUCTS_DIR; };
		3AFB6EFB28650BE1000A6FCB /* AppDelegate.swift */ = {isa = PBXFileReference; lastKnownFileType = sourcecode.swift; path = AppDelegate.swift; sourceTree = "<group>"; };
		3AFB6EFD28650BE1000A6FCB /* SceneDelegate.swift */ = {isa = PBXFileReference; lastKnownFileType = sourcecode.swift; path = SceneDelegate.swift; sourceTree = "<group>"; };
		3AFB6F0428650BE2000A6FCB /* Assets.xcassets */ = {isa = PBXFileReference; lastKnownFileType = folder.assetcatalog; path = Assets.xcassets; sourceTree = "<group>"; };
		3AFB6F0728650BE2000A6FCB /* Base */ = {isa = PBXFileReference; lastKnownFileType = file.storyboard; name = Base; path = Base.lproj/LaunchScreen.storyboard; sourceTree = "<group>"; };
		3AFB6F0928650BE2000A6FCB /* Info.plist */ = {isa = PBXFileReference; lastKnownFileType = text.plist.xml; path = Info.plist; sourceTree = "<group>"; };
		3AFB6F0E28650BE3000A6FCB /* DrinksiOSTests.xctest */ = {isa = PBXFileReference; explicitFileType = wrapper.cfbundle; includeInIndex = 0; path = DrinksiOSTests.xctest; sourceTree = BUILT_PRODUCTS_DIR; };
		3AFB6F1228650BE3000A6FCB /* DrinksViewControllerTests.swift */ = {isa = PBXFileReference; lastKnownFileType = sourcecode.swift; path = DrinksViewControllerTests.swift; sourceTree = "<group>"; };
		3AFB6F2B28650BF1000A6FCB /* DrinksViewController.swift */ = {isa = PBXFileReference; lastKnownFileType = sourcecode.swift; path = DrinksViewController.swift; sourceTree = "<group>"; };
		3AFB6F2D28650C00000A6FCB /* Base */ = {isa = PBXFileReference; lastKnownFileType = file.storyboard; name = Base; path = Base.lproj/Main.storyboard; sourceTree = "<group>"; };
		3AFB6F2F28650C16000A6FCB /* DrinkListItem.swift */ = {isa = PBXFileReference; lastKnownFileType = sourcecode.swift; path = DrinkListItem.swift; sourceTree = "<group>"; };
/* End PBXFileReference section */

/* Begin PBXFrameworksBuildPhase section */
		3AAE10C0285009990013C555 /* Frameworks */ = {
			isa = PBXFrameworksBuildPhase;
			buildActionMask = 2147483647;
			files = (
				3AAE10C7285009990013C555 /* DrinksCore.framework in Frameworks */,
			);
			runOnlyForDeploymentPostprocessing = 0;
		};
		3AD686F1284E962F00D6B889 /* Frameworks */ = {
			isa = PBXFrameworksBuildPhase;
			buildActionMask = 2147483647;
			files = (
			);
			runOnlyForDeploymentPostprocessing = 0;
		};
		3AD686F9284E962F00D6B889 /* Frameworks */ = {
			isa = PBXFrameworksBuildPhase;
			buildActionMask = 2147483647;
			files = (
				3AD686FD284E962F00D6B889 /* DrinksCore.framework in Frameworks */,
			);
			runOnlyForDeploymentPostprocessing = 0;
		};
		3AFB6EF628650BE1000A6FCB /* Frameworks */ = {
			isa = PBXFrameworksBuildPhase;
			buildActionMask = 2147483647;
			files = (
				3AFB6F3228650D13000A6FCB /* DrinksCore.framework in Frameworks */,
			);
			runOnlyForDeploymentPostprocessing = 0;
		};
		3AFB6F0B28650BE3000A6FCB /* Frameworks */ = {
			isa = PBXFrameworksBuildPhase;
			buildActionMask = 2147483647;
			files = (
			);
			runOnlyForDeploymentPostprocessing = 0;
		};
/* End PBXFrameworksBuildPhase section */

/* Begin PBXGroup section */
		3AAE10C4285009990013C555 /* DrinksCoreIntegrationTests */ = {
			isa = PBXGroup;
			children = (
				3AAE10C5285009990013C555 /* DrinksCoreIntegrationTests.swift */,
			);
			path = DrinksCoreIntegrationTests;
			sourceTree = "<group>";
		};
		3AD686EA284E962F00D6B889 = {
			isa = PBXGroup;
			children = (
				3AD686F6284E962F00D6B889 /* DrinksCore */,
				3AD68700284E962F00D6B889 /* DrinksCoreTests */,
				3AAE10C4285009990013C555 /* DrinksCoreIntegrationTests */,
				3AFB6EFA28650BE1000A6FCB /* DrinksiOS */,
				3AFB6F1128650BE3000A6FCB /* DrinksiOSTests */,
				3AD686F5284E962F00D6B889 /* Products */,
				3AFB6F3128650D13000A6FCB /* Frameworks */,
			);
			sourceTree = "<group>";
		};
		3AD686F5284E962F00D6B889 /* Products */ = {
			isa = PBXGroup;
			children = (
				3AD686F4284E962F00D6B889 /* DrinksCore.framework */,
				3AD686FC284E962F00D6B889 /* DrinksCoreTests.xctest */,
				3AAE10C3285009990013C555 /* DrinksCoreIntegrationTests.xctest */,
				3AFB6EF928650BE1000A6FCB /* DrinksiOS.app */,
				3AFB6F0E28650BE3000A6FCB /* DrinksiOSTests.xctest */,
			);
			name = Products;
			sourceTree = "<group>";
		};
		3AD686F6284E962F00D6B889 /* DrinksCore */ = {
			isa = PBXGroup;
			children = (
				3AD6870C284E96D800D6B889 /* Models.swift */,
				3AD6870E284ED17900D6B889 /* RemoteDrinksLoader.swift */,
				3AAE10CD28500A0F0013C555 /* URLSessionHTTPClient.swift */,
			);
			path = DrinksCore;
			sourceTree = "<group>";
		};
		3AD68700284E962F00D6B889 /* DrinksCoreTests */ = {
			isa = PBXGroup;
			children = (
				3A77924F28591E4800C76D50 /* SharedHelpers.swift */,
				3AD68701284E962F00D6B889 /* RemoteDrinksLoaderTests.swift */,
				3AD68712284ED3D900D6B889 /* URLSessionHTTPClientTests.swift */,
			);
			path = DrinksCoreTests;
			sourceTree = "<group>";
		};
		3AFB6EFA28650BE1000A6FCB /* DrinksiOS */ = {
			isa = PBXGroup;
			children = (
				3AFB6EFB28650BE1000A6FCB /* AppDelegate.swift */,
				3AFB6EFD28650BE1000A6FCB /* SceneDelegate.swift */,
				3AFB6F2B28650BF1000A6FCB /* DrinksViewController.swift */,
				3AFB6F2E28650C00000A6FCB /* Main.storyboard */,
				3AFB6F0428650BE2000A6FCB /* Assets.xcassets */,
				3AFB6F0628650BE2000A6FCB /* LaunchScreen.storyboard */,
				3AFB6F0928650BE2000A6FCB /* Info.plist */,
				3AFB6F2F28650C16000A6FCB /* DrinkListItem.swift */,
				3A7DC2DC286BADBC009B160B /* DrinkDetailsViewController.swift */,
			);
			path = DrinksiOS;
			sourceTree = "<group>";
		};
		3AFB6F1128650BE3000A6FCB /* DrinksiOSTests */ = {
			isa = PBXGroup;
			children = (
				3AFB6F1228650BE3000A6FCB /* DrinksViewControllerTests.swift */,
				3A7DC2DA286BAD43009B160B /* DrinksDetailsViewControllerTests.swift */,
			);
			path = DrinksiOSTests;
			sourceTree = "<group>";
		};
		3AFB6F3128650D13000A6FCB /* Frameworks */ = {
			isa = PBXGroup;
			children = (
			);
			name = Frameworks;
			sourceTree = "<group>";
		};
/* End PBXGroup section */

/* Begin PBXHeadersBuildPhase section */
		3AD686EF284E962F00D6B889 /* Headers */ = {
			isa = PBXHeadersBuildPhase;
			buildActionMask = 2147483647;
			files = (
			);
			runOnlyForDeploymentPostprocessing = 0;
		};
/* End PBXHeadersBuildPhase section */

/* Begin PBXNativeTarget section */
		3AAE10C2285009990013C555 /* DrinksCoreIntegrationTests */ = {
			isa = PBXNativeTarget;
			buildConfigurationList = 3AAE10CA285009990013C555 /* Build configuration list for PBXNativeTarget "DrinksCoreIntegrationTests" */;
			buildPhases = (
				3AAE10BF285009990013C555 /* Sources */,
				3AAE10C0285009990013C555 /* Frameworks */,
				3AAE10C1285009990013C555 /* Resources */,
			);
			buildRules = (
			);
			dependencies = (
				3AAE10C9285009990013C555 /* PBXTargetDependency */,
			);
			name = DrinksCoreIntegrationTests;
			productName = DrinksCoreIntegrationTests;
			productReference = 3AAE10C3285009990013C555 /* DrinksCoreIntegrationTests.xctest */;
			productType = "com.apple.product-type.bundle.unit-test";
		};
		3AD686F3284E962F00D6B889 /* DrinksCore */ = {
			isa = PBXNativeTarget;
			buildConfigurationList = 3AD68706284E962F00D6B889 /* Build configuration list for PBXNativeTarget "DrinksCore" */;
			buildPhases = (
				3AD686EF284E962F00D6B889 /* Headers */,
				3AD686F0284E962F00D6B889 /* Sources */,
				3AD686F1284E962F00D6B889 /* Frameworks */,
				3AD686F2284E962F00D6B889 /* Resources */,
			);
			buildRules = (
			);
			dependencies = (
			);
			name = DrinksCore;
			productName = Drinks;
			productReference = 3AD686F4284E962F00D6B889 /* DrinksCore.framework */;
			productType = "com.apple.product-type.framework";
		};
		3AD686FB284E962F00D6B889 /* DrinksCoreTests */ = {
			isa = PBXNativeTarget;
			buildConfigurationList = 3AD68709284E962F00D6B889 /* Build configuration list for PBXNativeTarget "DrinksCoreTests" */;
			buildPhases = (
				3AD686F8284E962F00D6B889 /* Sources */,
				3AD686F9284E962F00D6B889 /* Frameworks */,
				3AD686FA284E962F00D6B889 /* Resources */,
			);
			buildRules = (
			);
			dependencies = (
				3AD686FF284E962F00D6B889 /* PBXTargetDependency */,
			);
			name = DrinksCoreTests;
			productName = DrinksTests;
			productReference = 3AD686FC284E962F00D6B889 /* DrinksCoreTests.xctest */;
			productType = "com.apple.product-type.bundle.unit-test";
		};
		3AFB6EF828650BE1000A6FCB /* DrinksiOS */ = {
			isa = PBXNativeTarget;
			buildConfigurationList = 3AFB6F2828650BE3000A6FCB /* Build configuration list for PBXNativeTarget "DrinksiOS" */;
			buildPhases = (
				3AFB6EF528650BE1000A6FCB /* Sources */,
				3AFB6EF628650BE1000A6FCB /* Frameworks */,
				3AFB6EF728650BE1000A6FCB /* Resources */,
				3AFB6F3628650D13000A6FCB /* Embed Frameworks */,
			);
			buildRules = (
			);
			dependencies = (
				3AFB6F3528650D13000A6FCB /* PBXTargetDependency */,
			);
			name = DrinksiOS;
			productName = DrinksiOS;
			productReference = 3AFB6EF928650BE1000A6FCB /* DrinksiOS.app */;
			productType = "com.apple.product-type.application";
		};
		3AFB6F0D28650BE3000A6FCB /* DrinksiOSTests */ = {
			isa = PBXNativeTarget;
			buildConfigurationList = 3AFB6F2928650BE3000A6FCB /* Build configuration list for PBXNativeTarget "DrinksiOSTests" */;
			buildPhases = (
				3AFB6F0A28650BE3000A6FCB /* Sources */,
				3AFB6F0B28650BE3000A6FCB /* Frameworks */,
				3AFB6F0C28650BE3000A6FCB /* Resources */,
			);
			buildRules = (
			);
			dependencies = (
				3AFB6F1028650BE3000A6FCB /* PBXTargetDependency */,
			);
			name = DrinksiOSTests;
			productName = DrinksiOSTests;
			productReference = 3AFB6F0E28650BE3000A6FCB /* DrinksiOSTests.xctest */;
			productType = "com.apple.product-type.bundle.unit-test";
		};
/* End PBXNativeTarget section */

/* Begin PBXProject section */
		3AD686EB284E962F00D6B889 /* Project object */ = {
			isa = PBXProject;
			attributes = {
				BuildIndependentTargetsInParallel = 1;
				LastSwiftUpdateCheck = 1340;
				LastUpgradeCheck = 1330;
				TargetAttributes = {
					3AAE10C2285009990013C555 = {
						CreatedOnToolsVersion = 13.3.1;
					};
					3AD686F3284E962F00D6B889 = {
						CreatedOnToolsVersion = 13.3.1;
						LastSwiftMigration = 1330;
					};
					3AD686FB284E962F00D6B889 = {
						CreatedOnToolsVersion = 13.3.1;
					};
					3AFB6EF828650BE1000A6FCB = {
						CreatedOnToolsVersion = 13.4.1;
					};
					3AFB6F0D28650BE3000A6FCB = {
						CreatedOnToolsVersion = 13.4.1;
						TestTargetID = 3AFB6EF828650BE1000A6FCB;
					};
				};
			};
			buildConfigurationList = 3AD686EE284E962F00D6B889 /* Build configuration list for PBXProject "Drinks" */;
			compatibilityVersion = "Xcode 13.0";
			developmentRegion = en;
			hasScannedForEncodings = 0;
			knownRegions = (
				en,
				Base,
			);
			mainGroup = 3AD686EA284E962F00D6B889;
			productRefGroup = 3AD686F5284E962F00D6B889 /* Products */;
			projectDirPath = "";
			projectRoot = "";
			targets = (
				3AD686F3284E962F00D6B889 /* DrinksCore */,
				3AD686FB284E962F00D6B889 /* DrinksCoreTests */,
				3AAE10C2285009990013C555 /* DrinksCoreIntegrationTests */,
				3AFB6EF828650BE1000A6FCB /* DrinksiOS */,
				3AFB6F0D28650BE3000A6FCB /* DrinksiOSTests */,
			);
		};
/* End PBXProject section */

/* Begin PBXResourcesBuildPhase section */
		3AAE10C1285009990013C555 /* Resources */ = {
			isa = PBXResourcesBuildPhase;
			buildActionMask = 2147483647;
			files = (
			);
			runOnlyForDeploymentPostprocessing = 0;
		};
		3AD686F2284E962F00D6B889 /* Resources */ = {
			isa = PBXResourcesBuildPhase;
			buildActionMask = 2147483647;
			files = (
			);
			runOnlyForDeploymentPostprocessing = 0;
		};
		3AD686FA284E962F00D6B889 /* Resources */ = {
			isa = PBXResourcesBuildPhase;
			buildActionMask = 2147483647;
			files = (
			);
			runOnlyForDeploymentPostprocessing = 0;
		};
		3AFB6EF728650BE1000A6FCB /* Resources */ = {
			isa = PBXResourcesBuildPhase;
			buildActionMask = 2147483647;
			files = (
				3A078A82286525F7008B3504 /* Main.storyboard in Resources */,
				3AFB6F0828650BE2000A6FCB /* LaunchScreen.storyboard in Resources */,
				3AFB6F0528650BE2000A6FCB /* Assets.xcassets in Resources */,
			);
			runOnlyForDeploymentPostprocessing = 0;
		};
		3AFB6F0C28650BE3000A6FCB /* Resources */ = {
			isa = PBXResourcesBuildPhase;
			buildActionMask = 2147483647;
			files = (
			);
			runOnlyForDeploymentPostprocessing = 0;
		};
/* End PBXResourcesBuildPhase section */

/* Begin PBXSourcesBuildPhase section */
		3AAE10BF285009990013C555 /* Sources */ = {
			isa = PBXSourcesBuildPhase;
			buildActionMask = 2147483647;
			files = (
				3AAE10C6285009990013C555 /* DrinksCoreIntegrationTests.swift in Sources */,
			);
			runOnlyForDeploymentPostprocessing = 0;
		};
		3AD686F0284E962F00D6B889 /* Sources */ = {
			isa = PBXSourcesBuildPhase;
			buildActionMask = 2147483647;
			files = (
				3AD6870D284E96D800D6B889 /* Models.swift in Sources */,
				3AD6870F284ED17900D6B889 /* RemoteDrinksLoader.swift in Sources */,
				3AAE10CE28500A0F0013C555 /* URLSessionHTTPClient.swift in Sources */,
			);
			runOnlyForDeploymentPostprocessing = 0;
		};
		3AD686F8284E962F00D6B889 /* Sources */ = {
			isa = PBXSourcesBuildPhase;
			buildActionMask = 2147483647;
			files = (
				3AD68702284E962F00D6B889 /* RemoteDrinksLoaderTests.swift in Sources */,
				3AD68713284ED3D900D6B889 /* URLSessionHTTPClientTests.swift in Sources */,
				3A77925028591E4800C76D50 /* SharedHelpers.swift in Sources */,
			);
			runOnlyForDeploymentPostprocessing = 0;
		};
		3AFB6EF528650BE1000A6FCB /* Sources */ = {
			isa = PBXSourcesBuildPhase;
			buildActionMask = 2147483647;
			files = (
				3AFB6EFC28650BE1000A6FCB /* AppDelegate.swift in Sources */,
				3AFB6F3028650C16000A6FCB /* DrinkListItem.swift in Sources */,
				3A7DC2DD286BADBC009B160B /* DrinkDetailsViewController.swift in Sources */,
				3AFB6EFE28650BE1000A6FCB /* SceneDelegate.swift in Sources */,
				3AFB6F2C28650BF1000A6FCB /* DrinksViewController.swift in Sources */,
			);
			runOnlyForDeploymentPostprocessing = 0;
		};
		3AFB6F0A28650BE3000A6FCB /* Sources */ = {
			isa = PBXSourcesBuildPhase;
			buildActionMask = 2147483647;
			files = (
				3AB0E145286527B400F9907E /* SharedHelpers.swift in Sources */,
				3A7DC2DB286BAD43009B160B /* DrinksDetailsViewControllerTests.swift in Sources */,
				3AFB6F1328650BE3000A6FCB /* DrinksViewControllerTests.swift in Sources */,
			);
			runOnlyForDeploymentPostprocessing = 0;
		};
/* End PBXSourcesBuildPhase section */

/* Begin PBXTargetDependency section */
		3AAE10C9285009990013C555 /* PBXTargetDependency */ = {
			isa = PBXTargetDependency;
			target = 3AD686F3284E962F00D6B889 /* DrinksCore */;
			targetProxy = 3AAE10C8285009990013C555 /* PBXContainerItemProxy */;
		};
		3AD686FF284E962F00D6B889 /* PBXTargetDependency */ = {
			isa = PBXTargetDependency;
			target = 3AD686F3284E962F00D6B889 /* DrinksCore */;
			targetProxy = 3AD686FE284E962F00D6B889 /* PBXContainerItemProxy */;
		};
		3AFB6F1028650BE3000A6FCB /* PBXTargetDependency */ = {
			isa = PBXTargetDependency;
			target = 3AFB6EF828650BE1000A6FCB /* DrinksiOS */;
			targetProxy = 3AFB6F0F28650BE3000A6FCB /* PBXContainerItemProxy */;
		};
		3AFB6F3528650D13000A6FCB /* PBXTargetDependency */ = {
			isa = PBXTargetDependency;
			target = 3AD686F3284E962F00D6B889 /* DrinksCore */;
			targetProxy = 3AFB6F3428650D13000A6FCB /* PBXContainerItemProxy */;
		};
/* End PBXTargetDependency section */

/* Begin PBXVariantGroup section */
		3AFB6F0628650BE2000A6FCB /* LaunchScreen.storyboard */ = {
			isa = PBXVariantGroup;
			children = (
				3AFB6F0728650BE2000A6FCB /* Base */,
			);
			name = LaunchScreen.storyboard;
			sourceTree = "<group>";
		};
		3AFB6F2E28650C00000A6FCB /* Main.storyboard */ = {
			isa = PBXVariantGroup;
			children = (
				3AFB6F2D28650C00000A6FCB /* Base */,
			);
			name = Main.storyboard;
			sourceTree = "<group>";
		};
/* End PBXVariantGroup section */

/* Begin XCBuildConfiguration section */
		3AAE10CB285009990013C555 /* Debug */ = {
			isa = XCBuildConfiguration;
			buildSettings = {
				CODE_SIGN_STYLE = Automatic;
				CURRENT_PROJECT_VERSION = 1;
				DEVELOPMENT_TEAM = 99FHZVWMRA;
				GENERATE_INFOPLIST_FILE = YES;
				MARKETING_VERSION = 1.0;
				PRODUCT_BUNDLE_IDENTIFIER = com.example.DrinksCoreIntegrationTests;
				PRODUCT_NAME = "$(TARGET_NAME)";
				SWIFT_EMIT_LOC_STRINGS = NO;
				SWIFT_VERSION = 5.0;
				TARGETED_DEVICE_FAMILY = "1,2";
			};
			name = Debug;
		};
		3AAE10CC285009990013C555 /* Release */ = {
			isa = XCBuildConfiguration;
			buildSettings = {
				CODE_SIGN_STYLE = Automatic;
				CURRENT_PROJECT_VERSION = 1;
				DEVELOPMENT_TEAM = 99FHZVWMRA;
				GENERATE_INFOPLIST_FILE = YES;
				MARKETING_VERSION = 1.0;
				PRODUCT_BUNDLE_IDENTIFIER = com.example.DrinksCoreIntegrationTests;
				PRODUCT_NAME = "$(TARGET_NAME)";
				SWIFT_EMIT_LOC_STRINGS = NO;
				SWIFT_VERSION = 5.0;
				TARGETED_DEVICE_FAMILY = "1,2";
			};
			name = Release;
		};
		3AD68704284E962F00D6B889 /* Debug */ = {
			isa = XCBuildConfiguration;
			buildSettings = {
				ALWAYS_SEARCH_USER_PATHS = NO;
				CLANG_ANALYZER_NONNULL = YES;
				CLANG_ANALYZER_NUMBER_OBJECT_CONVERSION = YES_AGGRESSIVE;
				CLANG_CXX_LANGUAGE_STANDARD = "gnu++17";
				CLANG_ENABLE_MODULES = YES;
				CLANG_ENABLE_OBJC_ARC = YES;
				CLANG_ENABLE_OBJC_WEAK = YES;
				CLANG_WARN_BLOCK_CAPTURE_AUTORELEASING = YES;
				CLANG_WARN_BOOL_CONVERSION = YES;
				CLANG_WARN_COMMA = YES;
				CLANG_WARN_CONSTANT_CONVERSION = YES;
				CLANG_WARN_DEPRECATED_OBJC_IMPLEMENTATIONS = YES;
				CLANG_WARN_DIRECT_OBJC_ISA_USAGE = YES_ERROR;
				CLANG_WARN_DOCUMENTATION_COMMENTS = YES;
				CLANG_WARN_EMPTY_BODY = YES;
				CLANG_WARN_ENUM_CONVERSION = YES;
				CLANG_WARN_INFINITE_RECURSION = YES;
				CLANG_WARN_INT_CONVERSION = YES;
				CLANG_WARN_NON_LITERAL_NULL_CONVERSION = YES;
				CLANG_WARN_OBJC_IMPLICIT_RETAIN_SELF = YES;
				CLANG_WARN_OBJC_LITERAL_CONVERSION = YES;
				CLANG_WARN_OBJC_ROOT_CLASS = YES_ERROR;
				CLANG_WARN_QUOTED_INCLUDE_IN_FRAMEWORK_HEADER = YES;
				CLANG_WARN_RANGE_LOOP_ANALYSIS = YES;
				CLANG_WARN_STRICT_PROTOTYPES = YES;
				CLANG_WARN_SUSPICIOUS_MOVE = YES;
				CLANG_WARN_UNGUARDED_AVAILABILITY = YES_AGGRESSIVE;
				CLANG_WARN_UNREACHABLE_CODE = YES;
				CLANG_WARN__DUPLICATE_METHOD_MATCH = YES;
				COPY_PHASE_STRIP = NO;
				CURRENT_PROJECT_VERSION = 1;
				DEBUG_INFORMATION_FORMAT = dwarf;
				ENABLE_STRICT_OBJC_MSGSEND = YES;
				ENABLE_TESTABILITY = YES;
				GCC_C_LANGUAGE_STANDARD = gnu11;
				GCC_DYNAMIC_NO_PIC = NO;
				GCC_NO_COMMON_BLOCKS = YES;
				GCC_OPTIMIZATION_LEVEL = 0;
				GCC_PREPROCESSOR_DEFINITIONS = (
					"DEBUG=1",
					"$(inherited)",
				);
				GCC_WARN_64_TO_32_BIT_CONVERSION = YES;
				GCC_WARN_ABOUT_RETURN_TYPE = YES_ERROR;
				GCC_WARN_UNDECLARED_SELECTOR = YES;
				GCC_WARN_UNINITIALIZED_AUTOS = YES_AGGRESSIVE;
				GCC_WARN_UNUSED_FUNCTION = YES;
				GCC_WARN_UNUSED_VARIABLE = YES;
				IPHONEOS_DEPLOYMENT_TARGET = 15.4;
				MTL_ENABLE_DEBUG_INFO = INCLUDE_SOURCE;
				MTL_FAST_MATH = YES;
				ONLY_ACTIVE_ARCH = YES;
				SDKROOT = iphoneos;
				SWIFT_ACTIVE_COMPILATION_CONDITIONS = DEBUG;
				SWIFT_OPTIMIZATION_LEVEL = "-Onone";
				VERSIONING_SYSTEM = "apple-generic";
				VERSION_INFO_PREFIX = "";
			};
			name = Debug;
		};
		3AD68705284E962F00D6B889 /* Release */ = {
			isa = XCBuildConfiguration;
			buildSettings = {
				ALWAYS_SEARCH_USER_PATHS = NO;
				CLANG_ANALYZER_NONNULL = YES;
				CLANG_ANALYZER_NUMBER_OBJECT_CONVERSION = YES_AGGRESSIVE;
				CLANG_CXX_LANGUAGE_STANDARD = "gnu++17";
				CLANG_ENABLE_MODULES = YES;
				CLANG_ENABLE_OBJC_ARC = YES;
				CLANG_ENABLE_OBJC_WEAK = YES;
				CLANG_WARN_BLOCK_CAPTURE_AUTORELEASING = YES;
				CLANG_WARN_BOOL_CONVERSION = YES;
				CLANG_WARN_COMMA = YES;
				CLANG_WARN_CONSTANT_CONVERSION = YES;
				CLANG_WARN_DEPRECATED_OBJC_IMPLEMENTATIONS = YES;
				CLANG_WARN_DIRECT_OBJC_ISA_USAGE = YES_ERROR;
				CLANG_WARN_DOCUMENTATION_COMMENTS = YES;
				CLANG_WARN_EMPTY_BODY = YES;
				CLANG_WARN_ENUM_CONVERSION = YES;
				CLANG_WARN_INFINITE_RECURSION = YES;
				CLANG_WARN_INT_CONVERSION = YES;
				CLANG_WARN_NON_LITERAL_NULL_CONVERSION = YES;
				CLANG_WARN_OBJC_IMPLICIT_RETAIN_SELF = YES;
				CLANG_WARN_OBJC_LITERAL_CONVERSION = YES;
				CLANG_WARN_OBJC_ROOT_CLASS = YES_ERROR;
				CLANG_WARN_QUOTED_INCLUDE_IN_FRAMEWORK_HEADER = YES;
				CLANG_WARN_RANGE_LOOP_ANALYSIS = YES;
				CLANG_WARN_STRICT_PROTOTYPES = YES;
				CLANG_WARN_SUSPICIOUS_MOVE = YES;
				CLANG_WARN_UNGUARDED_AVAILABILITY = YES_AGGRESSIVE;
				CLANG_WARN_UNREACHABLE_CODE = YES;
				CLANG_WARN__DUPLICATE_METHOD_MATCH = YES;
				COPY_PHASE_STRIP = NO;
				CURRENT_PROJECT_VERSION = 1;
				DEBUG_INFORMATION_FORMAT = "dwarf-with-dsym";
				ENABLE_NS_ASSERTIONS = NO;
				ENABLE_STRICT_OBJC_MSGSEND = YES;
				GCC_C_LANGUAGE_STANDARD = gnu11;
				GCC_NO_COMMON_BLOCKS = YES;
				GCC_WARN_64_TO_32_BIT_CONVERSION = YES;
				GCC_WARN_ABOUT_RETURN_TYPE = YES_ERROR;
				GCC_WARN_UNDECLARED_SELECTOR = YES;
				GCC_WARN_UNINITIALIZED_AUTOS = YES_AGGRESSIVE;
				GCC_WARN_UNUSED_FUNCTION = YES;
				GCC_WARN_UNUSED_VARIABLE = YES;
				IPHONEOS_DEPLOYMENT_TARGET = 15.4;
				MTL_ENABLE_DEBUG_INFO = NO;
				MTL_FAST_MATH = YES;
				SDKROOT = iphoneos;
				SWIFT_COMPILATION_MODE = wholemodule;
				SWIFT_OPTIMIZATION_LEVEL = "-O";
				VALIDATE_PRODUCT = YES;
				VERSIONING_SYSTEM = "apple-generic";
				VERSION_INFO_PREFIX = "";
			};
			name = Release;
		};
		3AD68707284E962F00D6B889 /* Debug */ = {
			isa = XCBuildConfiguration;
			buildSettings = {
				CLANG_ENABLE_MODULES = YES;
				CODE_SIGN_STYLE = Automatic;
				CURRENT_PROJECT_VERSION = 1;
				DEFINES_MODULE = YES;
				DEVELOPMENT_TEAM = 99FHZVWMRA;
				DYLIB_COMPATIBILITY_VERSION = 1;
				DYLIB_CURRENT_VERSION = 1;
				DYLIB_INSTALL_NAME_BASE = "@rpath";
				GENERATE_INFOPLIST_FILE = YES;
				INFOPLIST_KEY_NSHumanReadableCopyright = "";
				INSTALL_PATH = "$(LOCAL_LIBRARY_DIR)/Frameworks";
				LD_RUNPATH_SEARCH_PATHS = (
					"$(inherited)",
					"@executable_path/Frameworks",
					"@loader_path/Frameworks",
				);
				MARKETING_VERSION = 1.0;
				PRODUCT_BUNDLE_IDENTIFIER = com.example.DrinksCore;
				PRODUCT_NAME = "$(TARGET_NAME:c99extidentifier)";
				SKIP_INSTALL = YES;
				SWIFT_EMIT_LOC_STRINGS = YES;
				SWIFT_OPTIMIZATION_LEVEL = "-Onone";
				SWIFT_VERSION = 5.0;
				TARGETED_DEVICE_FAMILY = "1,2";
			};
			name = Debug;
		};
		3AD68708284E962F00D6B889 /* Release */ = {
			isa = XCBuildConfiguration;
			buildSettings = {
				CLANG_ENABLE_MODULES = YES;
				CODE_SIGN_STYLE = Automatic;
				CURRENT_PROJECT_VERSION = 1;
				DEFINES_MODULE = YES;
				DEVELOPMENT_TEAM = 99FHZVWMRA;
				DYLIB_COMPATIBILITY_VERSION = 1;
				DYLIB_CURRENT_VERSION = 1;
				DYLIB_INSTALL_NAME_BASE = "@rpath";
				GENERATE_INFOPLIST_FILE = YES;
				INFOPLIST_KEY_NSHumanReadableCopyright = "";
				INSTALL_PATH = "$(LOCAL_LIBRARY_DIR)/Frameworks";
				LD_RUNPATH_SEARCH_PATHS = (
					"$(inherited)",
					"@executable_path/Frameworks",
					"@loader_path/Frameworks",
				);
				MARKETING_VERSION = 1.0;
				PRODUCT_BUNDLE_IDENTIFIER = com.example.DrinksCore;
				PRODUCT_NAME = "$(TARGET_NAME:c99extidentifier)";
				SKIP_INSTALL = YES;
				SWIFT_EMIT_LOC_STRINGS = YES;
				SWIFT_VERSION = 5.0;
				TARGETED_DEVICE_FAMILY = "1,2";
			};
			name = Release;
		};
		3AD6870A284E962F00D6B889 /* Debug */ = {
			isa = XCBuildConfiguration;
			buildSettings = {
				ALWAYS_EMBED_SWIFT_STANDARD_LIBRARIES = YES;
				CODE_SIGN_STYLE = Automatic;
				CURRENT_PROJECT_VERSION = 1;
				DEVELOPMENT_TEAM = 99FHZVWMRA;
				GENERATE_INFOPLIST_FILE = YES;
				MARKETING_VERSION = 1.0;
				PRODUCT_BUNDLE_IDENTIFIER = com.example.DrinksTests;
				PRODUCT_NAME = "$(TARGET_NAME)";
				SWIFT_EMIT_LOC_STRINGS = NO;
				SWIFT_VERSION = 5.0;
				TARGETED_DEVICE_FAMILY = "1,2";
			};
			name = Debug;
		};
		3AD6870B284E962F00D6B889 /* Release */ = {
			isa = XCBuildConfiguration;
			buildSettings = {
				ALWAYS_EMBED_SWIFT_STANDARD_LIBRARIES = YES;
				CODE_SIGN_STYLE = Automatic;
				CURRENT_PROJECT_VERSION = 1;
				DEVELOPMENT_TEAM = 99FHZVWMRA;
				GENERATE_INFOPLIST_FILE = YES;
				MARKETING_VERSION = 1.0;
				PRODUCT_BUNDLE_IDENTIFIER = com.example.DrinksTests;
				PRODUCT_NAME = "$(TARGET_NAME)";
				SWIFT_EMIT_LOC_STRINGS = NO;
				SWIFT_VERSION = 5.0;
				TARGETED_DEVICE_FAMILY = "1,2";
			};
			name = Release;
		};
		3AFB6F2028650BE3000A6FCB /* Debug */ = {
			isa = XCBuildConfiguration;
			buildSettings = {
				ASSETCATALOG_COMPILER_APPICON_NAME = AppIcon;
				ASSETCATALOG_COMPILER_GLOBAL_ACCENT_COLOR_NAME = AccentColor;
				CODE_SIGN_STYLE = Automatic;
				CURRENT_PROJECT_VERSION = 1;
				DEVELOPMENT_TEAM = 99FHZVWMRA;
				GENERATE_INFOPLIST_FILE = YES;
				INFOPLIST_FILE = DrinksiOS/Info.plist;
				INFOPLIST_KEY_UIApplicationSupportsIndirectInputEvents = YES;
				INFOPLIST_KEY_UILaunchStoryboardName = LaunchScreen;
				INFOPLIST_KEY_UIMainStoryboardFile = Main;
				INFOPLIST_KEY_UISupportedInterfaceOrientations_iPad = "UIInterfaceOrientationPortrait UIInterfaceOrientationPortraitUpsideDown UIInterfaceOrientationLandscapeLeft UIInterfaceOrientationLandscapeRight";
				INFOPLIST_KEY_UISupportedInterfaceOrientations_iPhone = "UIInterfaceOrientationPortrait UIInterfaceOrientationLandscapeLeft UIInterfaceOrientationLandscapeRight";
				IPHONEOS_DEPLOYMENT_TARGET = 15.5;
				LD_RUNPATH_SEARCH_PATHS = (
					"$(inherited)",
					"@executable_path/Frameworks",
				);
				MARKETING_VERSION = 1.0;
				PRODUCT_BUNDLE_IDENTIFIER = com.example.DrinksiOS;
				PRODUCT_NAME = "$(TARGET_NAME)";
				SWIFT_EMIT_LOC_STRINGS = YES;
				SWIFT_VERSION = 5.0;
				TARGETED_DEVICE_FAMILY = "1,2";
			};
			name = Debug;
		};
		3AFB6F2128650BE3000A6FCB /* Release */ = {
			isa = XCBuildConfiguration;
			buildSettings = {
				ASSETCATALOG_COMPILER_APPICON_NAME = AppIcon;
				ASSETCATALOG_COMPILER_GLOBAL_ACCENT_COLOR_NAME = AccentColor;
				CODE_SIGN_STYLE = Automatic;
				CURRENT_PROJECT_VERSION = 1;
				DEVELOPMENT_TEAM = 99FHZVWMRA;
				GENERATE_INFOPLIST_FILE = YES;
				INFOPLIST_FILE = DrinksiOS/Info.plist;
				INFOPLIST_KEY_UIApplicationSupportsIndirectInputEvents = YES;
				INFOPLIST_KEY_UILaunchStoryboardName = LaunchScreen;
				INFOPLIST_KEY_UIMainStoryboardFile = Main;
				INFOPLIST_KEY_UISupportedInterfaceOrientations_iPad = "UIInterfaceOrientationPortrait UIInterfaceOrientationPortraitUpsideDown UIInterfaceOrientationLandscapeLeft UIInterfaceOrientationLandscapeRight";
				INFOPLIST_KEY_UISupportedInterfaceOrientations_iPhone = "UIInterfaceOrientationPortrait UIInterfaceOrientationLandscapeLeft UIInterfaceOrientationLandscapeRight";
				IPHONEOS_DEPLOYMENT_TARGET = 15.5;
				LD_RUNPATH_SEARCH_PATHS = (
					"$(inherited)",
					"@executable_path/Frameworks",
				);
				MARKETING_VERSION = 1.0;
				PRODUCT_BUNDLE_IDENTIFIER = com.example.DrinksiOS;
				PRODUCT_NAME = "$(TARGET_NAME)";
				SWIFT_EMIT_LOC_STRINGS = YES;
				SWIFT_VERSION = 5.0;
				TARGETED_DEVICE_FAMILY = "1,2";
			};
			name = Release;
		};
		3AFB6F2228650BE3000A6FCB /* Debug */ = {
			isa = XCBuildConfiguration;
			buildSettings = {
				ALWAYS_EMBED_SWIFT_STANDARD_LIBRARIES = YES;
				BUNDLE_LOADER = "$(TEST_HOST)";
				CODE_SIGN_STYLE = Automatic;
				CURRENT_PROJECT_VERSION = 1;
				DEVELOPMENT_TEAM = 99FHZVWMRA;
				GENERATE_INFOPLIST_FILE = YES;
				IPHONEOS_DEPLOYMENT_TARGET = 15.5;
				MARKETING_VERSION = 1.0;
				PRODUCT_BUNDLE_IDENTIFIER = com.example.DrinksiOSTests;
				PRODUCT_NAME = "$(TARGET_NAME)";
				SWIFT_EMIT_LOC_STRINGS = NO;
				SWIFT_VERSION = 5.0;
				TARGETED_DEVICE_FAMILY = "1,2";
				TEST_HOST = "$(BUILT_PRODUCTS_DIR)/DrinksiOS.app/DrinksiOS";
			};
			name = Debug;
		};
		3AFB6F2328650BE3000A6FCB /* Release */ = {
			isa = XCBuildConfiguration;
			buildSettings = {
				ALWAYS_EMBED_SWIFT_STANDARD_LIBRARIES = YES;
				BUNDLE_LOADER = "$(TEST_HOST)";
				CODE_SIGN_STYLE = Automatic;
				CURRENT_PROJECT_VERSION = 1;
				DEVELOPMENT_TEAM = 99FHZVWMRA;
				GENERATE_INFOPLIST_FILE = YES;
				IPHONEOS_DEPLOYMENT_TARGET = 15.5;
				MARKETING_VERSION = 1.0;
				PRODUCT_BUNDLE_IDENTIFIER = com.example.DrinksiOSTests;
				PRODUCT_NAME = "$(TARGET_NAME)";
				SWIFT_EMIT_LOC_STRINGS = NO;
				SWIFT_VERSION = 5.0;
				TARGETED_DEVICE_FAMILY = "1,2";
				TEST_HOST = "$(BUILT_PRODUCTS_DIR)/DrinksiOS.app/DrinksiOS";
			};
			name = Release;
		};
/* End XCBuildConfiguration section */

/* Begin XCConfigurationList section */
		3AAE10CA285009990013C555 /* Build configuration list for PBXNativeTarget "DrinksCoreIntegrationTests" */ = {
			isa = XCConfigurationList;
			buildConfigurations = (
				3AAE10CB285009990013C555 /* Debug */,
				3AAE10CC285009990013C555 /* Release */,
			);
			defaultConfigurationIsVisible = 0;
			defaultConfigurationName = Release;
		};
		3AD686EE284E962F00D6B889 /* Build configuration list for PBXProject "Drinks" */ = {
			isa = XCConfigurationList;
			buildConfigurations = (
				3AD68704284E962F00D6B889 /* Debug */,
				3AD68705284E962F00D6B889 /* Release */,
			);
			defaultConfigurationIsVisible = 0;
			defaultConfigurationName = Release;
		};
		3AD68706284E962F00D6B889 /* Build configuration list for PBXNativeTarget "DrinksCore" */ = {
			isa = XCConfigurationList;
			buildConfigurations = (
				3AD68707284E962F00D6B889 /* Debug */,
				3AD68708284E962F00D6B889 /* Release */,
			);
			defaultConfigurationIsVisible = 0;
			defaultConfigurationName = Release;
		};
		3AD68709284E962F00D6B889 /* Build configuration list for PBXNativeTarget "DrinksCoreTests" */ = {
			isa = XCConfigurationList;
			buildConfigurations = (
				3AD6870A284E962F00D6B889 /* Debug */,
				3AD6870B284E962F00D6B889 /* Release */,
			);
			defaultConfigurationIsVisible = 0;
			defaultConfigurationName = Release;
		};
		3AFB6F2828650BE3000A6FCB /* Build configuration list for PBXNativeTarget "DrinksiOS" */ = {
			isa = XCConfigurationList;
			buildConfigurations = (
				3AFB6F2028650BE3000A6FCB /* Debug */,
				3AFB6F2128650BE3000A6FCB /* Release */,
			);
			defaultConfigurationIsVisible = 0;
			defaultConfigurationName = Release;
		};
		3AFB6F2928650BE3000A6FCB /* Build configuration list for PBXNativeTarget "DrinksiOSTests" */ = {
			isa = XCConfigurationList;
			buildConfigurations = (
				3AFB6F2228650BE3000A6FCB /* Debug */,
				3AFB6F2328650BE3000A6FCB /* Release */,
			);
			defaultConfigurationIsVisible = 0;
			defaultConfigurationName = Release;
		};
/* End XCConfigurationList section */
	};
	rootObject = 3AD686EB284E962F00D6B889 /* Project object */;
}
