// !$*UTF8*$!
{
	archiveVersion = 1;
	classes = {
	};
	objectVersion = 55;
	objects = {

/* Begin PBXBuildFile section */
		3AAE10C6285009990013C555 /* DrinksCoreIntegrationTests.swift in Sources */ = {isa = PBXBuildFile; fileRef = 3AAE10C5285009990013C555 /* DrinksCoreIntegrationTests.swift */; };
		3AAE10C7285009990013C555 /* DrinksCore.framework in Frameworks */ = {isa = PBXBuildFile; fileRef = 3AD686F4284E962F00D6B889 /* DrinksCore.framework */; };
		3AAE10CE28500A0F0013C555 /* URLSessionHTTPClient.swift in Sources */ = {isa = PBXBuildFile; fileRef = 3AAE10CD28500A0F0013C555 /* URLSessionHTTPClient.swift */; };
		3AD686FD284E962F00D6B889 /* DrinksCore.framework in Frameworks */ = {isa = PBXBuildFile; fileRef = 3AD686F4284E962F00D6B889 /* DrinksCore.framework */; };
		3AD68702284E962F00D6B889 /* RemoteDrinksLoaderTests.swift in Sources */ = {isa = PBXBuildFile; fileRef = 3AD68701284E962F00D6B889 /* RemoteDrinksLoaderTests.swift */; };
		3AD6870D284E96D800D6B889 /* Models.swift in Sources */ = {isa = PBXBuildFile; fileRef = 3AD6870C284E96D800D6B889 /* Models.swift */; };
		3AD6870F284ED17900D6B889 /* RemoteDrinksLoader.swift in Sources */ = {isa = PBXBuildFile; fileRef = 3AD6870E284ED17900D6B889 /* RemoteDrinksLoader.swift */; };
		3AD68713284ED3D900D6B889 /* URLSessionHTTPClientTests.swift in Sources */ = {isa = PBXBuildFile; fileRef = 3AD68712284ED3D900D6B889 /* URLSessionHTTPClientTests.swift */; };
/* End PBXBuildFile section */

/* Begin PBXContainerItemProxy section */
		3AAE10C8285009990013C555 /* PBXContainerItemProxy */ = {
			isa = PBXContainerItemProxy;
			containerPortal = 3AD686EB284E962F00D6B889 /* Project object */;
			proxyType = 1;
			remoteGlobalIDString = 3AD686F3284E962F00D6B889;
			remoteInfo = DrinksCore;
		};
		3AD686FE284E962F00D6B889 /* PBXContainerItemProxy */ = {
			isa = PBXContainerItemProxy;
			containerPortal = 3AD686EB284E962F00D6B889 /* Project object */;
			proxyType = 1;
			remoteGlobalIDString = 3AD686F3284E962F00D6B889;
			remoteInfo = Drinks;
		};
		3AF203C728501D0900B3F93A /* PBXContainerItemProxy */ = {
			isa = PBXContainerItemProxy;
			containerPortal = 3AF203C128501D0900B3F93A /* DrinksApp.xcodeproj */;
			proxyType = 2;
			remoteGlobalIDString = 3AF2038E28501D0700B3F93A;
			remoteInfo = DrinksApp;
		};
		3AF203C928501D0900B3F93A /* PBXContainerItemProxy */ = {
			isa = PBXContainerItemProxy;
			containerPortal = 3AF203C128501D0900B3F93A /* DrinksApp.xcodeproj */;
			proxyType = 2;
			remoteGlobalIDString = 3AF203A428501D0800B3F93A;
			remoteInfo = DrinksAppTests;
		};
		3AF203CB28501D0900B3F93A /* PBXContainerItemProxy */ = {
			isa = PBXContainerItemProxy;
			containerPortal = 3AF203C128501D0900B3F93A /* DrinksApp.xcodeproj */;
			proxyType = 2;
			remoteGlobalIDString = 3AF203AE28501D0900B3F93A;
			remoteInfo = DrinksAppUITests;
		};
/* End PBXContainerItemProxy section */

/* Begin PBXFileReference section */
		3AAE10C3285009990013C555 /* DrinksCoreIntegrationTests.xctest */ = {isa = PBXFileReference; explicitFileType = wrapper.cfbundle; includeInIndex = 0; path = DrinksCoreIntegrationTests.xctest; sourceTree = BUILT_PRODUCTS_DIR; };
		3AAE10C5285009990013C555 /* DrinksCoreIntegrationTests.swift */ = {isa = PBXFileReference; lastKnownFileType = sourcecode.swift; path = DrinksCoreIntegrationTests.swift; sourceTree = "<group>"; };
		3AAE10CD28500A0F0013C555 /* URLSessionHTTPClient.swift */ = {isa = PBXFileReference; lastKnownFileType = sourcecode.swift; path = URLSessionHTTPClient.swift; sourceTree = "<group>"; };
		3AD686F4284E962F00D6B889 /* DrinksCore.framework */ = {isa = PBXFileReference; explicitFileType = wrapper.framework; includeInIndex = 0; path = DrinksCore.framework; sourceTree = BUILT_PRODUCTS_DIR; };
		3AD686FC284E962F00D6B889 /* DrinksCoreTests.xctest */ = {isa = PBXFileReference; explicitFileType = wrapper.cfbundle; includeInIndex = 0; path = DrinksCoreTests.xctest; sourceTree = BUILT_PRODUCTS_DIR; };
		3AD68701284E962F00D6B889 /* RemoteDrinksLoaderTests.swift */ = {isa = PBXFileReference; lastKnownFileType = sourcecode.swift; path = RemoteDrinksLoaderTests.swift; sourceTree = "<group>"; };
		3AD6870C284E96D800D6B889 /* Models.swift */ = {isa = PBXFileReference; lastKnownFileType = sourcecode.swift; path = Models.swift; sourceTree = "<group>"; };
		3AD6870E284ED17900D6B889 /* RemoteDrinksLoader.swift */ = {isa = PBXFileReference; lastKnownFileType = sourcecode.swift; path = RemoteDrinksLoader.swift; sourceTree = "<group>"; };
		3AD68712284ED3D900D6B889 /* URLSessionHTTPClientTests.swift */ = {isa = PBXFileReference; lastKnownFileType = sourcecode.swift; path = URLSessionHTTPClientTests.swift; sourceTree = "<group>"; };
		3AF203C128501D0900B3F93A /* DrinksApp.xcodeproj */ = {isa = PBXFileReference; lastKnownFileType = "wrapper.pb-project"; name = DrinksApp.xcodeproj; path = DrinksApp/DrinksApp.xcodeproj; sourceTree = "<group>"; };
/* End PBXFileReference section */

/* Begin PBXFrameworksBuildPhase section */
		3AAE10C0285009990013C555 /* Frameworks */ = {
			isa = PBXFrameworksBuildPhase;
			buildActionMask = 2147483647;
			files = (
				3AAE10C7285009990013C555 /* DrinksCore.framework in Frameworks */,
			);
			runOnlyForDeploymentPostprocessing = 0;
		};
		3AD686F1284E962F00D6B889 /* Frameworks */ = {
			isa = PBXFrameworksBuildPhase;
			buildActionMask = 2147483647;
			files = (
			);
			runOnlyForDeploymentPostprocessing = 0;
		};
		3AD686F9284E962F00D6B889 /* Frameworks */ = {
			isa = PBXFrameworksBuildPhase;
			buildActionMask = 2147483647;
			files = (
				3AD686FD284E962F00D6B889 /* DrinksCore.framework in Frameworks */,
			);
			runOnlyForDeploymentPostprocessing = 0;
		};
/* End PBXFrameworksBuildPhase section */

/* Begin PBXGroup section */
		3AAE10C4285009990013C555 /* DrinksCoreIntegrationTests */ = {
			isa = PBXGroup;
			children = (
				3AAE10C5285009990013C555 /* DrinksCoreIntegrationTests.swift */,
			);
			path = DrinksCoreIntegrationTests;
			sourceTree = "<group>";
		};
		3AD686EA284E962F00D6B889 = {
			isa = PBXGroup;
			children = (
				3AF203C128501D0900B3F93A /* DrinksApp.xcodeproj */,
				3AD686F6284E962F00D6B889 /* DrinksCore */,
				3AD68700284E962F00D6B889 /* DrinksCoreTests */,
				3AAE10C4285009990013C555 /* DrinksCoreIntegrationTests */,
				3AD686F5284E962F00D6B889 /* Products */,
			);
			sourceTree = "<group>";
		};
		3AD686F5284E962F00D6B889 /* Products */ = {
			isa = PBXGroup;
			children = (
				3AD686F4284E962F00D6B889 /* DrinksCore.framework */,
				3AD686FC284E962F00D6B889 /* DrinksCoreTests.xctest */,
				3AAE10C3285009990013C555 /* DrinksCoreIntegrationTests.xctest */,
			);
			name = Products;
			sourceTree = "<group>";
		};
		3AD686F6284E962F00D6B889 /* DrinksCore */ = {
			isa = PBXGroup;
			children = (
				3AD6870C284E96D800D6B889 /* Models.swift */,
				3AD6870E284ED17900D6B889 /* RemoteDrinksLoader.swift */,
				3AAE10CD28500A0F0013C555 /* URLSessionHTTPClient.swift */,
			);
			path = DrinksCore;
			sourceTree = "<group>";
		};
		3AD68700284E962F00D6B889 /* DrinksCoreTests */ = {
			isa = PBXGroup;
			children = (
				3AD68701284E962F00D6B889 /* RemoteDrinksLoaderTests.swift */,
				3AD68712284ED3D900D6B889 /* URLSessionHTTPClientTests.swift */,
			);
			path = DrinksCoreTests;
			sourceTree = "<group>";
		};
		3AF203C228501D0900B3F93A /* Products */ = {
			isa = PBXGroup;
			children = (
				3AF203C828501D0900B3F93A /* DrinksApp.app */,
				3AF203CA28501D0900B3F93A /* DrinksAppTests.xctest */,
				3AF203CC28501D0900B3F93A /* DrinksAppUITests.xctest */,
			);
			name = Products;
			sourceTree = "<group>";
		};
/* End PBXGroup section */

/* Begin PBXHeadersBuildPhase section */
		3AD686EF284E962F00D6B889 /* Headers */ = {
			isa = PBXHeadersBuildPhase;
			buildActionMask = 2147483647;
			files = (
			);
			runOnlyForDeploymentPostprocessing = 0;
		};
/* End PBXHeadersBuildPhase section */

/* Begin PBXNativeTarget section */
		3AAE10C2285009990013C555 /* DrinksCoreIntegrationTests */ = {
			isa = PBXNativeTarget;
			buildConfigurationList = 3AAE10CA285009990013C555 /* Build configuration list for PBXNativeTarget "DrinksCoreIntegrationTests" */;
			buildPhases = (
				3AAE10BF285009990013C555 /* Sources */,
				3AAE10C0285009990013C555 /* Frameworks */,
				3AAE10C1285009990013C555 /* Resources */,
			);
			buildRules = (
			);
			dependencies = (
				3AAE10C9285009990013C555 /* PBXTargetDependency */,
			);
			name = DrinksCoreIntegrationTests;
			productName = DrinksCoreIntegrationTests;
			productReference = 3AAE10C3285009990013C555 /* DrinksCoreIntegrationTests.xctest */;
			productType = "com.apple.product-type.bundle.unit-test";
		};
		3AD686F3284E962F00D6B889 /* DrinksCore */ = {
			isa = PBXNativeTarget;
			buildConfigurationList = 3AD68706284E962F00D6B889 /* Build configuration list for PBXNativeTarget "DrinksCore" */;
			buildPhases = (
				3AD686EF284E962F00D6B889 /* Headers */,
				3AD686F0284E962F00D6B889 /* Sources */,
				3AD686F1284E962F00D6B889 /* Frameworks */,
				3AD686F2284E962F00D6B889 /* Resources */,
			);
			buildRules = (
			);
			dependencies = (
			);
			name = DrinksCore;
			productName = Drinks;
			productReference = 3AD686F4284E962F00D6B889 /* DrinksCore.framework */;
			productType = "com.apple.product-type.framework";
		};
		3AD686FB284E962F00D6B889 /* DrinksCoreTests */ = {
			isa = PBXNativeTarget;
			buildConfigurationList = 3AD68709284E962F00D6B889 /* Build configuration list for PBXNativeTarget "DrinksCoreTests" */;
			buildPhases = (
				3AD686F8284E962F00D6B889 /* Sources */,
				3AD686F9284E962F00D6B889 /* Frameworks */,
				3AD686FA284E962F00D6B889 /* Resources */,
			);
			buildRules = (
			);
			dependencies = (
				3AD686FF284E962F00D6B889 /* PBXTargetDependency */,
			);
			name = DrinksCoreTests;
			productName = DrinksTests;
			productReference = 3AD686FC284E962F00D6B889 /* DrinksCoreTests.xctest */;
			productType = "com.apple.product-type.bundle.unit-test";
		};
/* End PBXNativeTarget section */

/* Begin PBXProject section */
		3AD686EB284E962F00D6B889 /* Project object */ = {
			isa = PBXProject;
			attributes = {
				BuildIndependentTargetsInParallel = 1;
				LastSwiftUpdateCheck = 1330;
				LastUpgradeCheck = 1330;
				TargetAttributes = {
					3AAE10C2285009990013C555 = {
						CreatedOnToolsVersion = 13.3.1;
					};
					3AD686F3284E962F00D6B889 = {
						CreatedOnToolsVersion = 13.3.1;
						LastSwiftMigration = 1330;
					};
					3AD686FB284E962F00D6B889 = {
						CreatedOnToolsVersion = 13.3.1;
					};
				};
			};
			buildConfigurationList = 3AD686EE284E962F00D6B889 /* Build configuration list for PBXProject "Drinks" */;
			compatibilityVersion = "Xcode 13.0";
			developmentRegion = en;
			hasScannedForEncodings = 0;
			knownRegions = (
				en,
				Base,
			);
			mainGroup = 3AD686EA284E962F00D6B889;
			productRefGroup = 3AD686F5284E962F00D6B889 /* Products */;
			projectDirPath = "";
			projectReferences = (
				{
					ProductGroup = 3AF203C228501D0900B3F93A /* Products */;
					ProjectRef = 3AF203C128501D0900B3F93A /* DrinksApp.xcodeproj */;
				},
			);
			projectRoot = "";
			targets = (
				3AD686F3284E962F00D6B889 /* DrinksCore */,
				3AD686FB284E962F00D6B889 /* DrinksCoreTests */,
				3AAE10C2285009990013C555 /* DrinksCoreIntegrationTests */,
			);
		};
/* End PBXProject section */

/* Begin PBXReferenceProxy section */
		3AF203C828501D0900B3F93A /* DrinksApp.app */ = {
			isa = PBXReferenceProxy;
			fileType = wrapper.application;
			path = DrinksApp.app;
			remoteRef = 3AF203C728501D0900B3F93A /* PBXContainerItemProxy */;
			sourceTree = BUILT_PRODUCTS_DIR;
		};
		3AF203CA28501D0900B3F93A /* DrinksAppTests.xctest */ = {
			isa = PBXReferenceProxy;
			fileType = wrapper.cfbundle;
			path = DrinksAppTests.xctest;
			remoteRef = 3AF203C928501D0900B3F93A /* PBXContainerItemProxy */;
			sourceTree = BUILT_PRODUCTS_DIR;
		};
		3AF203CC28501D0900B3F93A /* DrinksAppUITests.xctest */ = {
			isa = PBXReferenceProxy;
			fileType = wrapper.cfbundle;
			path = DrinksAppUITests.xctest;
			remoteRef = 3AF203CB28501D0900B3F93A /* PBXContainerItemProxy */;
			sourceTree = BUILT_PRODUCTS_DIR;
		};
/* End PBXReferenceProxy section */

/* Begin PBXResourcesBuildPhase section */
		3AAE10C1285009990013C555 /* Resources */ = {
			isa = PBXResourcesBuildPhase;
			buildActionMask = 2147483647;
			files = (
			);
			runOnlyForDeploymentPostprocessing = 0;
		};
		3AD686F2284E962F00D6B889 /* Resources */ = {
			isa = PBXResourcesBuildPhase;
			buildActionMask = 2147483647;
			files = (
			);
			runOnlyForDeploymentPostprocessing = 0;
		};
		3AD686FA284E962F00D6B889 /* Resources */ = {
			isa = PBXResourcesBuildPhase;
			buildActionMask = 2147483647;
			files = (
			);
			runOnlyForDeploymentPostprocessing = 0;
		};
/* End PBXResourcesBuildPhase section */

/* Begin PBXSourcesBuildPhase section */
		3AAE10BF285009990013C555 /* Sources */ = {
			isa = PBXSourcesBuildPhase;
			buildActionMask = 2147483647;
			files = (
				3AAE10C6285009990013C555 /* DrinksCoreIntegrationTests.swift in Sources */,
			);
			runOnlyForDeploymentPostprocessing = 0;
		};
		3AD686F0284E962F00D6B889 /* Sources */ = {
			isa = PBXSourcesBuildPhase;
			buildActionMask = 2147483647;
			files = (
				3AD6870D284E96D800D6B889 /* Models.swift in Sources */,
				3AD6870F284ED17900D6B889 /* RemoteDrinksLoader.swift in Sources */,
				3AAE10CE28500A0F0013C555 /* URLSessionHTTPClient.swift in Sources */,
			);
			runOnlyForDeploymentPostprocessing = 0;
		};
		3AD686F8284E962F00D6B889 /* Sources */ = {
			isa = PBXSourcesBuildPhase;
			buildActionMask = 2147483647;
			files = (
				3AD68702284E962F00D6B889 /* RemoteDrinksLoaderTests.swift in Sources */,
				3AD68713284ED3D900D6B889 /* URLSessionHTTPClientTests.swift in Sources */,
			);
			runOnlyForDeploymentPostprocessing = 0;
		};
/* End PBXSourcesBuildPhase section */

/* Begin PBXTargetDependency section */
		3AAE10C9285009990013C555 /* PBXTargetDependency */ = {
			isa = PBXTargetDependency;
			target = 3AD686F3284E962F00D6B889 /* DrinksCore */;
			targetProxy = 3AAE10C8285009990013C555 /* PBXContainerItemProxy */;
		};
		3AD686FF284E962F00D6B889 /* PBXTargetDependency */ = {
			isa = PBXTargetDependency;
			target = 3AD686F3284E962F00D6B889 /* DrinksCore */;
			targetProxy = 3AD686FE284E962F00D6B889 /* PBXContainerItemProxy */;
		};
/* End PBXTargetDependency section */

/* Begin XCBuildConfiguration section */
		3AAE10CB285009990013C555 /* Debug */ = {
			isa = XCBuildConfiguration;
			buildSettings = {
				CODE_SIGN_STYLE = Automatic;
				CURRENT_PROJECT_VERSION = 1;
				DEVELOPMENT_TEAM = 99FHZVWMRA;
				GENERATE_INFOPLIST_FILE = YES;
				MARKETING_VERSION = 1.0;
				PRODUCT_BUNDLE_IDENTIFIER = com.example.DrinksCoreIntegrationTests;
				PRODUCT_NAME = "$(TARGET_NAME)";
				SWIFT_EMIT_LOC_STRINGS = NO;
				SWIFT_VERSION = 5.0;
				TARGETED_DEVICE_FAMILY = "1,2";
			};
			name = Debug;
		};
		3AAE10CC285009990013C555 /* Release */ = {
			isa = XCBuildConfiguration;
			buildSettings = {
				CODE_SIGN_STYLE = Automatic;
				CURRENT_PROJECT_VERSION = 1;
				DEVELOPMENT_TEAM = 99FHZVWMRA;
				GENERATE_INFOPLIST_FILE = YES;
				MARKETING_VERSION = 1.0;
				PRODUCT_BUNDLE_IDENTIFIER = com.example.DrinksCoreIntegrationTests;
				PRODUCT_NAME = "$(TARGET_NAME)";
				SWIFT_EMIT_LOC_STRINGS = NO;
				SWIFT_VERSION = 5.0;
				TARGETED_DEVICE_FAMILY = "1,2";
			};
			name = Release;
		};
		3AD68704284E962F00D6B889 /* Debug */ = {
			isa = XCBuildConfiguration;
			buildSettings = {
				ALWAYS_SEARCH_USER_PATHS = NO;
				CLANG_ANALYZER_NONNULL = YES;
				CLANG_ANALYZER_NUMBER_OBJECT_CONVERSION = YES_AGGRESSIVE;
				CLANG_CXX_LANGUAGE_STANDARD = "gnu++17";
				CLANG_ENABLE_MODULES = YES;
				CLANG_ENABLE_OBJC_ARC = YES;
				CLANG_ENABLE_OBJC_WEAK = YES;
				CLANG_WARN_BLOCK_CAPTURE_AUTORELEASING = YES;
				CLANG_WARN_BOOL_CONVERSION = YES;
				CLANG_WARN_COMMA = YES;
				CLANG_WARN_CONSTANT_CONVERSION = YES;
				CLANG_WARN_DEPRECATED_OBJC_IMPLEMENTATIONS = YES;
				CLANG_WARN_DIRECT_OBJC_ISA_USAGE = YES_ERROR;
				CLANG_WARN_DOCUMENTATION_COMMENTS = YES;
				CLANG_WARN_EMPTY_BODY = YES;
				CLANG_WARN_ENUM_CONVERSION = YES;
				CLANG_WARN_INFINITE_RECURSION = YES;
				CLANG_WARN_INT_CONVERSION = YES;
				CLANG_WARN_NON_LITERAL_NULL_CONVERSION = YES;
				CLANG_WARN_OBJC_IMPLICIT_RETAIN_SELF = YES;
				CLANG_WARN_OBJC_LITERAL_CONVERSION = YES;
				CLANG_WARN_OBJC_ROOT_CLASS = YES_ERROR;
				CLANG_WARN_QUOTED_INCLUDE_IN_FRAMEWORK_HEADER = YES;
				CLANG_WARN_RANGE_LOOP_ANALYSIS = YES;
				CLANG_WARN_STRICT_PROTOTYPES = YES;
				CLANG_WARN_SUSPICIOUS_MOVE = YES;
				CLANG_WARN_UNGUARDED_AVAILABILITY = YES_AGGRESSIVE;
				CLANG_WARN_UNREACHABLE_CODE = YES;
				CLANG_WARN__DUPLICATE_METHOD_MATCH = YES;
				COPY_PHASE_STRIP = NO;
				CURRENT_PROJECT_VERSION = 1;
				DEBUG_INFORMATION_FORMAT = dwarf;
				ENABLE_STRICT_OBJC_MSGSEND = YES;
				ENABLE_TESTABILITY = YES;
				GCC_C_LANGUAGE_STANDARD = gnu11;
				GCC_DYNAMIC_NO_PIC = NO;
				GCC_NO_COMMON_BLOCKS = YES;
				GCC_OPTIMIZATION_LEVEL = 0;
				GCC_PREPROCESSOR_DEFINITIONS = (
					"DEBUG=1",
					"$(inherited)",
				);
				GCC_WARN_64_TO_32_BIT_CONVERSION = YES;
				GCC_WARN_ABOUT_RETURN_TYPE = YES_ERROR;
				GCC_WARN_UNDECLARED_SELECTOR = YES;
				GCC_WARN_UNINITIALIZED_AUTOS = YES_AGGRESSIVE;
				GCC_WARN_UNUSED_FUNCTION = YES;
				GCC_WARN_UNUSED_VARIABLE = YES;
				IPHONEOS_DEPLOYMENT_TARGET = 15.4;
				MTL_ENABLE_DEBUG_INFO = INCLUDE_SOURCE;
				MTL_FAST_MATH = YES;
				ONLY_ACTIVE_ARCH = YES;
				SDKROOT = iphoneos;
				SWIFT_ACTIVE_COMPILATION_CONDITIONS = DEBUG;
				SWIFT_OPTIMIZATION_LEVEL = "-Onone";
				VERSIONING_SYSTEM = "apple-generic";
				VERSION_INFO_PREFIX = "";
			};
			name = Debug;
		};
		3AD68705284E962F00D6B889 /* Release */ = {
			isa = XCBuildConfiguration;
			buildSettings = {
				ALWAYS_SEARCH_USER_PATHS = NO;
				CLANG_ANALYZER_NONNULL = YES;
				CLANG_ANALYZER_NUMBER_OBJECT_CONVERSION = YES_AGGRESSIVE;
				CLANG_CXX_LANGUAGE_STANDARD = "gnu++17";
				CLANG_ENABLE_MODULES = YES;
				CLANG_ENABLE_OBJC_ARC = YES;
				CLANG_ENABLE_OBJC_WEAK = YES;
				CLANG_WARN_BLOCK_CAPTURE_AUTORELEASING = YES;
				CLANG_WARN_BOOL_CONVERSION = YES;
				CLANG_WARN_COMMA = YES;
				CLANG_WARN_CONSTANT_CONVERSION = YES;
				CLANG_WARN_DEPRECATED_OBJC_IMPLEMENTATIONS = YES;
				CLANG_WARN_DIRECT_OBJC_ISA_USAGE = YES_ERROR;
				CLANG_WARN_DOCUMENTATION_COMMENTS = YES;
				CLANG_WARN_EMPTY_BODY = YES;
				CLANG_WARN_ENUM_CONVERSION = YES;
				CLANG_WARN_INFINITE_RECURSION = YES;
				CLANG_WARN_INT_CONVERSION = YES;
				CLANG_WARN_NON_LITERAL_NULL_CONVERSION = YES;
				CLANG_WARN_OBJC_IMPLICIT_RETAIN_SELF = YES;
				CLANG_WARN_OBJC_LITERAL_CONVERSION = YES;
				CLANG_WARN_OBJC_ROOT_CLASS = YES_ERROR;
				CLANG_WARN_QUOTED_INCLUDE_IN_FRAMEWORK_HEADER = YES;
				CLANG_WARN_RANGE_LOOP_ANALYSIS = YES;
				CLANG_WARN_STRICT_PROTOTYPES = YES;
				CLANG_WARN_SUSPICIOUS_MOVE = YES;
				CLANG_WARN_UNGUARDED_AVAILABILITY = YES_AGGRESSIVE;
				CLANG_WARN_UNREACHABLE_CODE = YES;
				CLANG_WARN__DUPLICATE_METHOD_MATCH = YES;
				COPY_PHASE_STRIP = NO;
				CURRENT_PROJECT_VERSION = 1;
				DEBUG_INFORMATION_FORMAT = "dwarf-with-dsym";
				ENABLE_NS_ASSERTIONS = NO;
				ENABLE_STRICT_OBJC_MSGSEND = YES;
				GCC_C_LANGUAGE_STANDARD = gnu11;
				GCC_NO_COMMON_BLOCKS = YES;
				GCC_WARN_64_TO_32_BIT_CONVERSION = YES;
				GCC_WARN_ABOUT_RETURN_TYPE = YES_ERROR;
				GCC_WARN_UNDECLARED_SELECTOR = YES;
				GCC_WARN_UNINITIALIZED_AUTOS = YES_AGGRESSIVE;
				GCC_WARN_UNUSED_FUNCTION = YES;
				GCC_WARN_UNUSED_VARIABLE = YES;
				IPHONEOS_DEPLOYMENT_TARGET = 15.4;
				MTL_ENABLE_DEBUG_INFO = NO;
				MTL_FAST_MATH = YES;
				SDKROOT = iphoneos;
				SWIFT_COMPILATION_MODE = wholemodule;
				SWIFT_OPTIMIZATION_LEVEL = "-O";
				VALIDATE_PRODUCT = YES;
				VERSIONING_SYSTEM = "apple-generic";
				VERSION_INFO_PREFIX = "";
			};
			name = Release;
		};
		3AD68707284E962F00D6B889 /* Debug */ = {
			isa = XCBuildConfiguration;
			buildSettings = {
				CLANG_ENABLE_MODULES = YES;
				CODE_SIGN_STYLE = Automatic;
				CURRENT_PROJECT_VERSION = 1;
				DEFINES_MODULE = YES;
				DEVELOPMENT_TEAM = 99FHZVWMRA;
				DYLIB_COMPATIBILITY_VERSION = 1;
				DYLIB_CURRENT_VERSION = 1;
				DYLIB_INSTALL_NAME_BASE = "@rpath";
				GENERATE_INFOPLIST_FILE = YES;
				INFOPLIST_KEY_NSHumanReadableCopyright = "";
				INSTALL_PATH = "$(LOCAL_LIBRARY_DIR)/Frameworks";
				LD_RUNPATH_SEARCH_PATHS = (
					"$(inherited)",
					"@executable_path/Frameworks",
					"@loader_path/Frameworks",
				);
				MARKETING_VERSION = 1.0;
				PRODUCT_BUNDLE_IDENTIFIER = com.example.DrinksCore;
				PRODUCT_NAME = "$(TARGET_NAME:c99extidentifier)";
				SKIP_INSTALL = YES;
				SWIFT_EMIT_LOC_STRINGS = YES;
				SWIFT_OPTIMIZATION_LEVEL = "-Onone";
				SWIFT_VERSION = 5.0;
				TARGETED_DEVICE_FAMILY = "1,2";
			};
			name = Debug;
		};
		3AD68708284E962F00D6B889 /* Release */ = {
			isa = XCBuildConfiguration;
			buildSettings = {
				CLANG_ENABLE_MODULES = YES;
				CODE_SIGN_STYLE = Automatic;
				CURRENT_PROJECT_VERSION = 1;
				DEFINES_MODULE = YES;
				DEVELOPMENT_TEAM = 99FHZVWMRA;
				DYLIB_COMPATIBILITY_VERSION = 1;
				DYLIB_CURRENT_VERSION = 1;
				DYLIB_INSTALL_NAME_BASE = "@rpath";
				GENERATE_INFOPLIST_FILE = YES;
				INFOPLIST_KEY_NSHumanReadableCopyright = "";
				INSTALL_PATH = "$(LOCAL_LIBRARY_DIR)/Frameworks";
				LD_RUNPATH_SEARCH_PATHS = (
					"$(inherited)",
					"@executable_path/Frameworks",
					"@loader_path/Frameworks",
				);
				MARKETING_VERSION = 1.0;
				PRODUCT_BUNDLE_IDENTIFIER = com.example.DrinksCore;
				PRODUCT_NAME = "$(TARGET_NAME:c99extidentifier)";
				SKIP_INSTALL = YES;
				SWIFT_EMIT_LOC_STRINGS = YES;
				SWIFT_VERSION = 5.0;
				TARGETED_DEVICE_FAMILY = "1,2";
			};
			name = Release;
		};
		3AD6870A284E962F00D6B889 /* Debug */ = {
			isa = XCBuildConfiguration;
			buildSettings = {
				ALWAYS_EMBED_SWIFT_STANDARD_LIBRARIES = YES;
				CODE_SIGN_STYLE = Automatic;
				CURRENT_PROJECT_VERSION = 1;
				DEVELOPMENT_TEAM = 99FHZVWMRA;
				GENERATE_INFOPLIST_FILE = YES;
				MARKETING_VERSION = 1.0;
				PRODUCT_BUNDLE_IDENTIFIER = com.example.DrinksTests;
				PRODUCT_NAME = "$(TARGET_NAME)";
				SWIFT_EMIT_LOC_STRINGS = NO;
				SWIFT_VERSION = 5.0;
				TARGETED_DEVICE_FAMILY = "1,2";
			};
			name = Debug;
		};
		3AD6870B284E962F00D6B889 /* Release */ = {
			isa = XCBuildConfiguration;
			buildSettings = {
				ALWAYS_EMBED_SWIFT_STANDARD_LIBRARIES = YES;
				CODE_SIGN_STYLE = Automatic;
				CURRENT_PROJECT_VERSION = 1;
				DEVELOPMENT_TEAM = 99FHZVWMRA;
				GENERATE_INFOPLIST_FILE = YES;
				MARKETING_VERSION = 1.0;
				PRODUCT_BUNDLE_IDENTIFIER = com.example.DrinksTests;
				PRODUCT_NAME = "$(TARGET_NAME)";
				SWIFT_EMIT_LOC_STRINGS = NO;
				SWIFT_VERSION = 5.0;
				TARGETED_DEVICE_FAMILY = "1,2";
			};
			name = Release;
		};
/* End XCBuildConfiguration section */

/* Begin XCConfigurationList section */
		3AAE10CA285009990013C555 /* Build configuration list for PBXNativeTarget "DrinksCoreIntegrationTests" */ = {
			isa = XCConfigurationList;
			buildConfigurations = (
				3AAE10CB285009990013C555 /* Debug */,
				3AAE10CC285009990013C555 /* Release */,
			);
			defaultConfigurationIsVisible = 0;
			defaultConfigurationName = Release;
		};
		3AD686EE284E962F00D6B889 /* Build configuration list for PBXProject "Drinks" */ = {
			isa = XCConfigurationList;
			buildConfigurations = (
				3AD68704284E962F00D6B889 /* Debug */,
				3AD68705284E962F00D6B889 /* Release */,
			);
			defaultConfigurationIsVisible = 0;
			defaultConfigurationName = Release;
		};
		3AD68706284E962F00D6B889 /* Build configuration list for PBXNativeTarget "DrinksCore" */ = {
			isa = XCConfigurationList;
			buildConfigurations = (
				3AD68707284E962F00D6B889 /* Debug */,
				3AD68708284E962F00D6B889 /* Release */,
			);
			defaultConfigurationIsVisible = 0;
			defaultConfigurationName = Release;
		};
		3AD68709284E962F00D6B889 /* Build configuration list for PBXNativeTarget "DrinksCoreTests" */ = {
			isa = XCConfigurationList;
			buildConfigurations = (
				3AD6870A284E962F00D6B889 /* Debug */,
				3AD6870B284E962F00D6B889 /* Release */,
			);
			defaultConfigurationIsVisible = 0;
			defaultConfigurationName = Release;
		};
/* End XCConfigurationList section */
	};
	rootObject = 3AD686EB284E962F00D6B889 /* Project object */;
}
