// !$*UTF8*$!
{
	archiveVersion = 1;
	classes = {
	};
	objectVersion = 55;
	objects = {

/* Begin PBXBuildFile section */
		3AF2039228501D0700B3F93A /* AppDelegate.swift in Sources */ = {isa = PBXBuildFile; fileRef = 3AF2039128501D0700B3F93A /* AppDelegate.swift */; };
		3AF2039428501D0700B3F93A /* SceneDelegate.swift in Sources */ = {isa = PBXBuildFile; fileRef = 3AF2039328501D0700B3F93A /* SceneDelegate.swift */; };
		3AF2039628501D0700B3F93A /* ViewController.swift in Sources */ = {isa = PBXBuildFile; fileRef = 3AF2039528501D0700B3F93A /* ViewController.swift */; };
		3AF2039928501D0700B3F93A /* Main.storyboard in Resources */ = {isa = PBXBuildFile; fileRef = 3AF2039728501D0700B3F93A /* Main.storyboard */; };
		3AF2039B28501D0800B3F93A /* Assets.xcassets in Resources */ = {isa = PBXBuildFile; fileRef = 3AF2039A28501D0800B3F93A /* Assets.xcassets */; };
		3AF2039E28501D0800B3F93A /* LaunchScreen.storyboard in Resources */ = {isa = PBXBuildFile; fileRef = 3AF2039C28501D0800B3F93A /* LaunchScreen.storyboard */; };
		3AF203A928501D0900B3F93A /* DrinksAppTests.swift in Sources */ = {isa = PBXBuildFile; fileRef = 3AF203A828501D0900B3F93A /* DrinksAppTests.swift */; };
		3AF203B328501D0900B3F93A /* DrinksAppUITests.swift in Sources */ = {isa = PBXBuildFile; fileRef = 3AF203B228501D0900B3F93A /* DrinksAppUITests.swift */; };
		3AF203B528501D0900B3F93A /* DrinksAppUITestsLaunchTests.swift in Sources */ = {isa = PBXBuildFile; fileRef = 3AF203B428501D0900B3F93A /* DrinksAppUITestsLaunchTests.swift */; };
/* End PBXBuildFile section */

/* Begin PBXContainerItemProxy section */
		3AF203A528501D0800B3F93A /* PBXContainerItemProxy */ = {
			isa = PBXContainerItemProxy;
			containerPortal = 3AF2038628501D0700B3F93A /* Project object */;
			proxyType = 1;
			remoteGlobalIDString = 3AF2038D28501D0700B3F93A;
			remoteInfo = DrinksApp;
		};
		3AF203AF28501D0900B3F93A /* PBXContainerItemProxy */ = {
			isa = PBXContainerItemProxy;
			containerPortal = 3AF2038628501D0700B3F93A /* Project object */;
			proxyType = 1;
			remoteGlobalIDString = 3AF2038D28501D0700B3F93A;
			remoteInfo = DrinksApp;
		};
/* End PBXContainerItemProxy section */

/* Begin PBXFileReference section */
		3AF2038E28501D0700B3F93A /* DrinksApp.app */ = {isa = PBXFileReference; explicitFileType = wrapper.application; includeInIndex = 0; path = DrinksApp.app; sourceTree = BUILT_PRODUCTS_DIR; };
		3AF2039128501D0700B3F93A /* AppDelegate.swift */ = {isa = PBXFileReference; lastKnownFileType = sourcecode.swift; path = AppDelegate.swift; sourceTree = "<group>"; };
		3AF2039328501D0700B3F93A /* SceneDelegate.swift */ = {isa = PBXFileReference; lastKnownFileType = sourcecode.swift; path = SceneDelegate.swift; sourceTree = "<group>"; };
		3AF2039528501D0700B3F93A /* ViewController.swift */ = {isa = PBXFileReference; lastKnownFileType = sourcecode.swift; path = ViewController.swift; sourceTree = "<group>"; };
		3AF2039828501D0700B3F93A /* Base */ = {isa = PBXFileReference; lastKnownFileType = file.storyboard; name = Base; path = Base.lproj/Main.storyboard; sourceTree = "<group>"; };
		3AF2039A28501D0800B3F93A /* Assets.xcassets */ = {isa = PBXFileReference; lastKnownFileType = folder.assetcatalog; path = Assets.xcassets; sourceTree = "<group>"; };
		3AF2039D28501D0800B3F93A /* Base */ = {isa = PBXFileReference; lastKnownFileType = file.storyboard; name = Base; path = Base.lproj/LaunchScreen.storyboard; sourceTree = "<group>"; };
		3AF2039F28501D0800B3F93A /* Info.plist */ = {isa = PBXFileReference; lastKnownFileType = text.plist.xml; path = Info.plist; sourceTree = "<group>"; };
		3AF203A428501D0800B3F93A /* DrinksAppTests.xctest */ = {isa = PBXFileReference; explicitFileType = wrapper.cfbundle; includeInIndex = 0; path = DrinksAppTests.xctest; sourceTree = BUILT_PRODUCTS_DIR; };
		3AF203A828501D0900B3F93A /* DrinksAppTests.swift */ = {isa = PBXFileReference; lastKnownFileType = sourcecode.swift; path = DrinksAppTests.swift; sourceTree = "<group>"; };
		3AF203AE28501D0900B3F93A /* DrinksAppUITests.xctest */ = {isa = PBXFileReference; explicitFileType = wrapper.cfbundle; includeInIndex = 0; path = DrinksAppUITests.xctest; sourceTree = BUILT_PRODUCTS_DIR; };
		3AF203B228501D0900B3F93A /* DrinksAppUITests.swift */ = {isa = PBXFileReference; lastKnownFileType = sourcecode.swift; path = DrinksAppUITests.swift; sourceTree = "<group>"; };
		3AF203B428501D0900B3F93A /* DrinksAppUITestsLaunchTests.swift */ = {isa = PBXFileReference; lastKnownFileType = sourcecode.swift; path = DrinksAppUITestsLaunchTests.swift; sourceTree = "<group>"; };
/* End PBXFileReference section */

/* Begin PBXFrameworksBuildPhase section */
		3AF2038B28501D0700B3F93A /* Frameworks */ = {
			isa = PBXFrameworksBuildPhase;
			buildActionMask = 2147483647;
			files = (
			);
			runOnlyForDeploymentPostprocessing = 0;
		};
		3AF203A128501D0800B3F93A /* Frameworks */ = {
			isa = PBXFrameworksBuildPhase;
			buildActionMask = 2147483647;
			files = (
			);
			runOnlyForDeploymentPostprocessing = 0;
		};
		3AF203AB28501D0900B3F93A /* Frameworks */ = {
			isa = PBXFrameworksBuildPhase;
			buildActionMask = 2147483647;
			files = (
			);
			runOnlyForDeploymentPostprocessing = 0;
		};
/* End PBXFrameworksBuildPhase section */

/* Begin PBXGroup section */
		3AF2038528501D0700B3F93A = {
			isa = PBXGroup;
			children = (
				3AF2039028501D0700B3F93A /* DrinksApp */,
				3AF203A728501D0900B3F93A /* DrinksAppTests */,
				3AF203B128501D0900B3F93A /* DrinksAppUITests */,
				3AF2038F28501D0700B3F93A /* Products */,
			);
			sourceTree = "<group>";
		};
		3AF2038F28501D0700B3F93A /* Products */ = {
			isa = PBXGroup;
			children = (
				3AF2038E28501D0700B3F93A /* DrinksApp.app */,
				3AF203A428501D0800B3F93A /* DrinksAppTests.xctest */,
				3AF203AE28501D0900B3F93A /* DrinksAppUITests.xctest */,
			);
			name = Products;
			sourceTree = "<group>";
		};
		3AF2039028501D0700B3F93A /* DrinksApp */ = {
			isa = PBXGroup;
			children = (
				3AF2039128501D0700B3F93A /* AppDelegate.swift */,
				3AF2039328501D0700B3F93A /* SceneDelegate.swift */,
				3AF2039528501D0700B3F93A /* ViewController.swift */,
				3AF2039728501D0700B3F93A /* Main.storyboard */,
				3AF2039A28501D0800B3F93A /* Assets.xcassets */,
				3AF2039C28501D0800B3F93A /* LaunchScreen.storyboard */,
				3AF2039F28501D0800B3F93A /* Info.plist */,
			);
			path = DrinksApp;
			sourceTree = "<group>";
		};
		3AF203A728501D0900B3F93A /* DrinksAppTests */ = {
			isa = PBXGroup;
			children = (
				3AF203A828501D0900B3F93A /* DrinksAppTests.swift */,
			);
			path = DrinksAppTests;
			sourceTree = "<group>";
		};
		3AF203B128501D0900B3F93A /* DrinksAppUITests */ = {
			isa = PBXGroup;
			children = (
				3AF203B228501D0900B3F93A /* DrinksAppUITests.swift */,
				3AF203B428501D0900B3F93A /* DrinksAppUITestsLaunchTests.swift */,
			);
			path = DrinksAppUITests;
			sourceTree = "<group>";
		};
/* End PBXGroup section */

/* Begin PBXNativeTarget section */
		3AF2038D28501D0700B3F93A /* DrinksApp */ = {
			isa = PBXNativeTarget;
			buildConfigurationList = 3AF203B828501D0900B3F93A /* Build configuration list for PBXNativeTarget "DrinksApp" */;
			buildPhases = (
				3AF2038A28501D0700B3F93A /* Sources */,
				3AF2038B28501D0700B3F93A /* Frameworks */,
				3AF2038C28501D0700B3F93A /* Resources */,
			);
			buildRules = (
			);
			dependencies = (
			);
			name = DrinksApp;
			productName = DrinksApp;
			productReference = 3AF2038E28501D0700B3F93A /* DrinksApp.app */;
			productType = "com.apple.product-type.application";
		};
		3AF203A328501D0800B3F93A /* DrinksAppTests */ = {
			isa = PBXNativeTarget;
			buildConfigurationList = 3AF203BB28501D0900B3F93A /* Build configuration list for PBXNativeTarget "DrinksAppTests" */;
			buildPhases = (
				3AF203A028501D0800B3F93A /* Sources */,
				3AF203A128501D0800B3F93A /* Frameworks */,
				3AF203A228501D0800B3F93A /* Resources */,
			);
			buildRules = (
			);
			dependencies = (
				3AF203A628501D0800B3F93A /* PBXTargetDependency */,
			);
			name = DrinksAppTests;
			productName = DrinksAppTests;
			productReference = 3AF203A428501D0800B3F93A /* DrinksAppTests.xctest */;
			productType = "com.apple.product-type.bundle.unit-test";
		};
		3AF203AD28501D0900B3F93A /* DrinksAppUITests */ = {
			isa = PBXNativeTarget;
			buildConfigurationList = 3AF203BE28501D0900B3F93A /* Build configuration list for PBXNativeTarget "DrinksAppUITests" */;
			buildPhases = (
				3AF203AA28501D0900B3F93A /* Sources */,
				3AF203AB28501D0900B3F93A /* Frameworks */,
				3AF203AC28501D0900B3F93A /* Resources */,
			);
			buildRules = (
			);
			dependencies = (
				3AF203B028501D0900B3F93A /* PBXTargetDependency */,
			);
			name = DrinksAppUITests;
			productName = DrinksAppUITests;
			productReference = 3AF203AE28501D0900B3F93A /* DrinksAppUITests.xctest */;
			productType = "com.apple.product-type.bundle.ui-testing";
		};
/* End PBXNativeTarget section */

/* Begin PBXProject section */
		3AF2038628501D0700B3F93A /* Project object */ = {
			isa = PBXProject;
			attributes = {
				BuildIndependentTargetsInParallel = 1;
				LastSwiftUpdateCheck = 1330;
				LastUpgradeCheck = 1330;
				TargetAttributes = {
					3AF2038D28501D0700B3F93A = {
						CreatedOnToolsVersion = 13.3.1;
					};
					3AF203A328501D0800B3F93A = {
						CreatedOnToolsVersion = 13.3.1;
						TestTargetID = 3AF2038D28501D0700B3F93A;
					};
					3AF203AD28501D0900B3F93A = {
						CreatedOnToolsVersion = 13.3.1;
						TestTargetID = 3AF2038D28501D0700B3F93A;
					};
				};
			};
			buildConfigurationList = 3AF2038928501D0700B3F93A /* Build configuration list for PBXProject "DrinksApp" */;
			compatibilityVersion = "Xcode 13.0";
			developmentRegion = en;
			hasScannedForEncodings = 0;
			knownRegions = (
				en,
				Base,
			);
			mainGroup = 3AF2038528501D0700B3F93A;
			productRefGroup = 3AF2038F28501D0700B3F93A /* Products */;
			projectDirPath = "";
			projectRoot = "";
			targets = (
				3AF2038D28501D0700B3F93A /* DrinksApp */,
				3AF203A328501D0800B3F93A /* DrinksAppTests */,
				3AF203AD28501D0900B3F93A /* DrinksAppUITests */,
			);
		};
/* End PBXProject section */

/* Begin PBXResourcesBuildPhase section */
		3AF2038C28501D0700B3F93A /* Resources */ = {
			isa = PBXResourcesBuildPhase;
			buildActionMask = 2147483647;
			files = (
				3AF2039E28501D0800B3F93A /* LaunchScreen.storyboard in Resources */,
				3AF2039B28501D0800B3F93A /* Assets.xcassets in Resources */,
				3AF2039928501D0700B3F93A /* Main.storyboard in Resources */,
			);
			runOnlyForDeploymentPostprocessing = 0;
		};
		3AF203A228501D0800B3F93A /* Resources */ = {
			isa = PBXResourcesBuildPhase;
			buildActionMask = 2147483647;
			files = (
			);
			runOnlyForDeploymentPostprocessing = 0;
		};
		3AF203AC28501D0900B3F93A /* Resources */ = {
			isa = PBXResourcesBuildPhase;
			buildActionMask = 2147483647;
			files = (
			);
			runOnlyForDeploymentPostprocessing = 0;
		};
/* End PBXResourcesBuildPhase section */

/* Begin PBXSourcesBuildPhase section */
		3AF2038A28501D0700B3F93A /* Sources */ = {
			isa = PBXSourcesBuildPhase;
			buildActionMask = 2147483647;
			files = (
				3AF2039628501D0700B3F93A /* ViewController.swift in Sources */,
				3AF2039228501D0700B3F93A /* AppDelegate.swift in Sources */,
				3AF2039428501D0700B3F93A /* SceneDelegate.swift in Sources */,
			);
			runOnlyForDeploymentPostprocessing = 0;
		};
		3AF203A028501D0800B3F93A /* Sources */ = {
			isa = PBXSourcesBuildPhase;
			buildActionMask = 2147483647;
			files = (
				3AF203A928501D0900B3F93A /* DrinksAppTests.swift in Sources */,
			);
			runOnlyForDeploymentPostprocessing = 0;
		};
		3AF203AA28501D0900B3F93A /* Sources */ = {
			isa = PBXSourcesBuildPhase;
			buildActionMask = 2147483647;
			files = (
				3AF203B328501D0900B3F93A /* DrinksAppUITests.swift in Sources */,
				3AF203B528501D0900B3F93A /* DrinksAppUITestsLaunchTests.swift in Sources */,
			);
			runOnlyForDeploymentPostprocessing = 0;
		};
/* End PBXSourcesBuildPhase section */

/* Begin PBXTargetDependency section */
		3AF203A628501D0800B3F93A /* PBXTargetDependency */ = {
			isa = PBXTargetDependency;
			target = 3AF2038D28501D0700B3F93A /* DrinksApp */;
			targetProxy = 3AF203A528501D0800B3F93A /* PBXContainerItemProxy */;
		};
		3AF203B028501D0900B3F93A /* PBXTargetDependency */ = {
			isa = PBXTargetDependency;
			target = 3AF2038D28501D0700B3F93A /* DrinksApp */;
			targetProxy = 3AF203AF28501D0900B3F93A /* PBXContainerItemProxy */;
		};
/* End PBXTargetDependency section */

/* Begin PBXVariantGroup section */
		3AF2039728501D0700B3F93A /* Main.storyboard */ = {
			isa = PBXVariantGroup;
			children = (
				3AF2039828501D0700B3F93A /* Base */,
			);
			name = Main.storyboard;
			sourceTree = "<group>";
		};
		3AF2039C28501D0800B3F93A /* LaunchScreen.storyboard */ = {
			isa = PBXVariantGroup;
			children = (
				3AF2039D28501D0800B3F93A /* Base */,
			);
			name = LaunchScreen.storyboard;
			sourceTree = "<group>";
		};
/* End PBXVariantGroup section */

/* Begin XCBuildConfiguration section */
		3AF203B628501D0900B3F93A /* Debug */ = {
			isa = XCBuildConfiguration;
			buildSettings = {
				ALWAYS_SEARCH_USER_PATHS = NO;
				CLANG_ANALYZER_NONNULL = YES;
				CLANG_ANALYZER_NUMBER_OBJECT_CONVERSION = YES_AGGRESSIVE;
				CLANG_CXX_LANGUAGE_STANDARD = "gnu++17";
				CLANG_ENABLE_MODULES = YES;
				CLANG_ENABLE_OBJC_ARC = YES;
				CLANG_ENABLE_OBJC_WEAK = YES;
				CLANG_WARN_BLOCK_CAPTURE_AUTORELEASING = YES;
				CLANG_WARN_BOOL_CONVERSION = YES;
				CLANG_WARN_COMMA = YES;
				CLANG_WARN_CONSTANT_CONVERSION = YES;
				CLANG_WARN_DEPRECATED_OBJC_IMPLEMENTATIONS = YES;
				CLANG_WARN_DIRECT_OBJC_ISA_USAGE = YES_ERROR;
				CLANG_WARN_DOCUMENTATION_COMMENTS = YES;
				CLANG_WARN_EMPTY_BODY = YES;
				CLANG_WARN_ENUM_CONVERSION = YES;
				CLANG_WARN_INFINITE_RECURSION = YES;
				CLANG_WARN_INT_CONVERSION = YES;
				CLANG_WARN_NON_LITERAL_NULL_CONVERSION = YES;
				CLANG_WARN_OBJC_IMPLICIT_RETAIN_SELF = YES;
				CLANG_WARN_OBJC_LITERAL_CONVERSION = YES;
				CLANG_WARN_OBJC_ROOT_CLASS = YES_ERROR;
				CLANG_WARN_QUOTED_INCLUDE_IN_FRAMEWORK_HEADER = YES;
				CLANG_WARN_RANGE_LOOP_ANALYSIS = YES;
				CLANG_WARN_STRICT_PROTOTYPES = YES;
				CLANG_WARN_SUSPICIOUS_MOVE = YES;
				CLANG_WARN_UNGUARDED_AVAILABILITY = YES_AGGRESSIVE;
				CLANG_WARN_UNREACHABLE_CODE = YES;
				CLANG_WARN__DUPLICATE_METHOD_MATCH = YES;
				COPY_PHASE_STRIP = NO;
				DEBUG_INFORMATION_FORMAT = dwarf;
				ENABLE_STRICT_OBJC_MSGSEND = YES;
				ENABLE_TESTABILITY = YES;
				GCC_C_LANGUAGE_STANDARD = gnu11;
				GCC_DYNAMIC_NO_PIC = NO;
				GCC_NO_COMMON_BLOCKS = YES;
				GCC_OPTIMIZATION_LEVEL = 0;
				GCC_PREPROCESSOR_DEFINITIONS = (
					"DEBUG=1",
					"$(inherited)",
				);
				GCC_WARN_64_TO_32_BIT_CONVERSION = YES;
				GCC_WARN_ABOUT_RETURN_TYPE = YES_ERROR;
				GCC_WARN_UNDECLARED_SELECTOR = YES;
				GCC_WARN_UNINITIALIZED_AUTOS = YES_AGGRESSIVE;
				GCC_WARN_UNUSED_FUNCTION = YES;
				GCC_WARN_UNUSED_VARIABLE = YES;
				IPHONEOS_DEPLOYMENT_TARGET = 15.4;
				MTL_ENABLE_DEBUG_INFO = INCLUDE_SOURCE;
				MTL_FAST_MATH = YES;
				ONLY_ACTIVE_ARCH = YES;
				SDKROOT = iphoneos;
				SWIFT_ACTIVE_COMPILATION_CONDITIONS = DEBUG;
				SWIFT_OPTIMIZATION_LEVEL = "-Onone";
			};
			name = Debug;
		};
		3AF203B728501D0900B3F93A /* Release */ = {
			isa = XCBuildConfiguration;
			buildSettings = {
				ALWAYS_SEARCH_USER_PATHS = NO;
				CLANG_ANALYZER_NONNULL = YES;
				CLANG_ANALYZER_NUMBER_OBJECT_CONVERSION = YES_AGGRESSIVE;
				CLANG_CXX_LANGUAGE_STANDARD = "gnu++17";
				CLANG_ENABLE_MODULES = YES;
				CLANG_ENABLE_OBJC_ARC = YES;
				CLANG_ENABLE_OBJC_WEAK = YES;
				CLANG_WARN_BLOCK_CAPTURE_AUTORELEASING = YES;
				CLANG_WARN_BOOL_CONVERSION = YES;
				CLANG_WARN_COMMA = YES;
				CLANG_WARN_CONSTANT_CONVERSION = YES;
				CLANG_WARN_DEPRECATED_OBJC_IMPLEMENTATIONS = YES;
				CLANG_WARN_DIRECT_OBJC_ISA_USAGE = YES_ERROR;
				CLANG_WARN_DOCUMENTATION_COMMENTS = YES;
				CLANG_WARN_EMPTY_BODY = YES;
				CLANG_WARN_ENUM_CONVERSION = YES;
				CLANG_WARN_INFINITE_RECURSION = YES;
				CLANG_WARN_INT_CONVERSION = YES;
				CLANG_WARN_NON_LITERAL_NULL_CONVERSION = YES;
				CLANG_WARN_OBJC_IMPLICIT_RETAIN_SELF = YES;
				CLANG_WARN_OBJC_LITERAL_CONVERSION = YES;
				CLANG_WARN_OBJC_ROOT_CLASS = YES_ERROR;
				CLANG_WARN_QUOTED_INCLUDE_IN_FRAMEWORK_HEADER = YES;
				CLANG_WARN_RANGE_LOOP_ANALYSIS = YES;
				CLANG_WARN_STRICT_PROTOTYPES = YES;
				CLANG_WARN_SUSPICIOUS_MOVE = YES;
				CLANG_WARN_UNGUARDED_AVAILABILITY = YES_AGGRESSIVE;
				CLANG_WARN_UNREACHABLE_CODE = YES;
				CLANG_WARN__DUPLICATE_METHOD_MATCH = YES;
				COPY_PHASE_STRIP = NO;
				DEBUG_INFORMATION_FORMAT = "dwarf-with-dsym";
				ENABLE_NS_ASSERTIONS = NO;
				ENABLE_STRICT_OBJC_MSGSEND = YES;
				GCC_C_LANGUAGE_STANDARD = gnu11;
				GCC_NO_COMMON_BLOCKS = YES;
				GCC_WARN_64_TO_32_BIT_CONVERSION = YES;
				GCC_WARN_ABOUT_RETURN_TYPE = YES_ERROR;
				GCC_WARN_UNDECLARED_SELECTOR = YES;
				GCC_WARN_UNINITIALIZED_AUTOS = YES_AGGRESSIVE;
				GCC_WARN_UNUSED_FUNCTION = YES;
				GCC_WARN_UNUSED_VARIABLE = YES;
				IPHONEOS_DEPLOYMENT_TARGET = 15.4;
				MTL_ENABLE_DEBUG_INFO = NO;
				MTL_FAST_MATH = YES;
				SDKROOT = iphoneos;
				SWIFT_COMPILATION_MODE = wholemodule;
				SWIFT_OPTIMIZATION_LEVEL = "-O";
				VALIDATE_PRODUCT = YES;
			};
			name = Release;
		};
		3AF203B928501D0900B3F93A /* Debug */ = {
			isa = XCBuildConfiguration;
			buildSettings = {
				ASSETCATALOG_COMPILER_APPICON_NAME = AppIcon;
				ASSETCATALOG_COMPILER_GLOBAL_ACCENT_COLOR_NAME = AccentColor;
				CODE_SIGN_STYLE = Automatic;
				CURRENT_PROJECT_VERSION = 1;
				DEVELOPMENT_TEAM = 99FHZVWMRA;
				GENERATE_INFOPLIST_FILE = YES;
				INFOPLIST_FILE = DrinksApp/Info.plist;
				INFOPLIST_KEY_UIApplicationSupportsIndirectInputEvents = YES;
				INFOPLIST_KEY_UILaunchStoryboardName = LaunchScreen;
				INFOPLIST_KEY_UIMainStoryboardFile = Main;
				INFOPLIST_KEY_UISupportedInterfaceOrientations_iPad = "UIInterfaceOrientationPortrait UIInterfaceOrientationPortraitUpsideDown UIInterfaceOrientationLandscapeLeft UIInterfaceOrientationLandscapeRight";
				INFOPLIST_KEY_UISupportedInterfaceOrientations_iPhone = "UIInterfaceOrientationPortrait UIInterfaceOrientationLandscapeLeft UIInterfaceOrientationLandscapeRight";
				LD_RUNPATH_SEARCH_PATHS = (
					"$(inherited)",
					"@executable_path/Frameworks",
				);
				MARKETING_VERSION = 1.0;
				PRODUCT_BUNDLE_IDENTIFIER = com.example.DrinksApp;
				PRODUCT_NAME = "$(TARGET_NAME)";
				SWIFT_EMIT_LOC_STRINGS = YES;
				SWIFT_VERSION = 5.0;
				TARGETED_DEVICE_FAMILY = "1,2";
			};
			name = Debug;
		};
		3AF203BA28501D0900B3F93A /* Release */ = {
			isa = XCBuildConfiguration;
			buildSettings = {
				ASSETCATALOG_COMPILER_APPICON_NAME = AppIcon;
				ASSETCATALOG_COMPILER_GLOBAL_ACCENT_COLOR_NAME = AccentColor;
				CODE_SIGN_STYLE = Automatic;
				CURRENT_PROJECT_VERSION = 1;
				DEVELOPMENT_TEAM = 99FHZVWMRA;
				GENERATE_INFOPLIST_FILE = YES;
				INFOPLIST_FILE = DrinksApp/Info.plist;
				INFOPLIST_KEY_UIApplicationSupportsIndirectInputEvents = YES;
				INFOPLIST_KEY_UILaunchStoryboardName = LaunchScreen;
				INFOPLIST_KEY_UIMainStoryboardFile = Main;
				INFOPLIST_KEY_UISupportedInterfaceOrientations_iPad = "UIInterfaceOrientationPortrait UIInterfaceOrientationPortraitUpsideDown UIInterfaceOrientationLandscapeLeft UIInterfaceOrientationLandscapeRight";
				INFOPLIST_KEY_UISupportedInterfaceOrientations_iPhone = "UIInterfaceOrientationPortrait UIInterfaceOrientationLandscapeLeft UIInterfaceOrientationLandscapeRight";
				LD_RUNPATH_SEARCH_PATHS = (
					"$(inherited)",
					"@executable_path/Frameworks",
				);
				MARKETING_VERSION = 1.0;
				PRODUCT_BUNDLE_IDENTIFIER = com.example.DrinksApp;
				PRODUCT_NAME = "$(TARGET_NAME)";
				SWIFT_EMIT_LOC_STRINGS = YES;
				SWIFT_VERSION = 5.0;
				TARGETED_DEVICE_FAMILY = "1,2";
			};
			name = Release;
		};
		3AF203BC28501D0900B3F93A /* Debug */ = {
			isa = XCBuildConfiguration;
			buildSettings = {
				ALWAYS_EMBED_SWIFT_STANDARD_LIBRARIES = YES;
				BUNDLE_LOADER = "$(TEST_HOST)";
				CODE_SIGN_STYLE = Automatic;
				CURRENT_PROJECT_VERSION = 1;
				DEVELOPMENT_TEAM = 99FHZVWMRA;
				GENERATE_INFOPLIST_FILE = YES;
				IPHONEOS_DEPLOYMENT_TARGET = 15.4;
				MARKETING_VERSION = 1.0;
				PRODUCT_BUNDLE_IDENTIFIER = com.example.DrinksAppTests;
				PRODUCT_NAME = "$(TARGET_NAME)";
				SWIFT_EMIT_LOC_STRINGS = NO;
				SWIFT_VERSION = 5.0;
				TARGETED_DEVICE_FAMILY = "1,2";
				TEST_HOST = "$(BUILT_PRODUCTS_DIR)/DrinksApp.app/DrinksApp";
			};
			name = Debug;
		};
		3AF203BD28501D0900B3F93A /* Release */ = {
			isa = XCBuildConfiguration;
			buildSettings = {
				ALWAYS_EMBED_SWIFT_STANDARD_LIBRARIES = YES;
				BUNDLE_LOADER = "$(TEST_HOST)";
				CODE_SIGN_STYLE = Automatic;
				CURRENT_PROJECT_VERSION = 1;
				DEVELOPMENT_TEAM = 99FHZVWMRA;
				GENERATE_INFOPLIST_FILE = YES;
				IPHONEOS_DEPLOYMENT_TARGET = 15.4;
				MARKETING_VERSION = 1.0;
				PRODUCT_BUNDLE_IDENTIFIER = com.example.DrinksAppTests;
				PRODUCT_NAME = "$(TARGET_NAME)";
				SWIFT_EMIT_LOC_STRINGS = NO;
				SWIFT_VERSION = 5.0;
				TARGETED_DEVICE_FAMILY = "1,2";
				TEST_HOST = "$(BUILT_PRODUCTS_DIR)/DrinksApp.app/DrinksApp";
			};
			name = Release;
		};
		3AF203BF28501D0900B3F93A /* Debug */ = {
			isa = XCBuildConfiguration;
			buildSettings = {
				ALWAYS_EMBED_SWIFT_STANDARD_LIBRARIES = YES;
				CODE_SIGN_STYLE = Automatic;
				CURRENT_PROJECT_VERSION = 1;
				DEVELOPMENT_TEAM = 99FHZVWMRA;
				GENERATE_INFOPLIST_FILE = YES;
				MARKETING_VERSION = 1.0;
				PRODUCT_BUNDLE_IDENTIFIER = com.example.DrinksAppUITests;
				PRODUCT_NAME = "$(TARGET_NAME)";
				SWIFT_EMIT_LOC_STRINGS = NO;
				SWIFT_VERSION = 5.0;
				TARGETED_DEVICE_FAMILY = "1,2";
				TEST_TARGET_NAME = DrinksApp;
			};
			name = Debug;
		};
		3AF203C028501D0900B3F93A /* Release */ = {
			isa = XCBuildConfiguration;
			buildSettings = {
				ALWAYS_EMBED_SWIFT_STANDARD_LIBRARIES = YES;
				CODE_SIGN_STYLE = Automatic;
				CURRENT_PROJECT_VERSION = 1;
				DEVELOPMENT_TEAM = 99FHZVWMRA;
				GENERATE_INFOPLIST_FILE = YES;
				MARKETING_VERSION = 1.0;
				PRODUCT_BUNDLE_IDENTIFIER = com.example.DrinksAppUITests;
				PRODUCT_NAME = "$(TARGET_NAME)";
				SWIFT_EMIT_LOC_STRINGS = NO;
				SWIFT_VERSION = 5.0;
				TARGETED_DEVICE_FAMILY = "1,2";
				TEST_TARGET_NAME = DrinksApp;
			};
			name = Release;
		};
/* End XCBuildConfiguration section */

/* Begin XCConfigurationList section */
		3AF2038928501D0700B3F93A /* Build configuration list for PBXProject "DrinksApp" */ = {
			isa = XCConfigurationList;
			buildConfigurations = (
				3AF203B628501D0900B3F93A /* Debug */,
				3AF203B728501D0900B3F93A /* Release */,
			);
			defaultConfigurationIsVisible = 0;
			defaultConfigurationName = Release;
		};
		3AF203B828501D0900B3F93A /* Build configuration list for PBXNativeTarget "DrinksApp" */ = {
			isa = XCConfigurationList;
			buildConfigurations = (
				3AF203B928501D0900B3F93A /* Debug */,
				3AF203BA28501D0900B3F93A /* Release */,
			);
			defaultConfigurationIsVisible = 0;
			defaultConfigurationName = Release;
		};
		3AF203BB28501D0900B3F93A /* Build configuration list for PBXNativeTarget "DrinksAppTests" */ = {
			isa = XCConfigurationList;
			buildConfigurations = (
				3AF203BC28501D0900B3F93A /* Debug */,
				3AF203BD28501D0900B3F93A /* Release */,
			);
			defaultConfigurationIsVisible = 0;
			defaultConfigurationName = Release;
		};
		3AF203BE28501D0900B3F93A /* Build configuration list for PBXNativeTarget "DrinksAppUITests" */ = {
			isa = XCConfigurationList;
			buildConfigurations = (
				3AF203BF28501D0900B3F93A /* Debug */,
				3AF203C028501D0900B3F93A /* Release */,
			);
			defaultConfigurationIsVisible = 0;
			defaultConfigurationName = Release;
		};
/* End XCConfigurationList section */
	};
	rootObject = 3AF2038628501D0700B3F93A /* Project object */;
}
